// !$*UTF8*$!
{
	archiveVersion = 1;
	classes = {
	};
	objectVersion = 50;
	objects = {

/* Begin PBXBuildFile section */
		2E0378CD2361FE7E000BA973 /* WelcomeVC.xib in Resources */ = {isa = PBXBuildFile; fileRef = 2E0378CC2361FE7E000BA973 /* WelcomeVC.xib */; };
		2E0378D7236201F0000BA973 /* Button.swift in Sources */ = {isa = PBXBuildFile; fileRef = 2E0378D6236201F0000BA973 /* Button.swift */; };
		2E0378DA23620223000BA973 /* Color.swift in Sources */ = {isa = PBXBuildFile; fileRef = 2E0378D923620223000BA973 /* Color.swift */; };
		2E0378DC23620328000BA973 /* LoginVC.swift in Sources */ = {isa = PBXBuildFile; fileRef = 2E0378DB23620328000BA973 /* LoginVC.swift */; };
		2E0378DE23620332000BA973 /* LoginVC.xib in Resources */ = {isa = PBXBuildFile; fileRef = 2E0378DD23620332000BA973 /* LoginVC.xib */; };
		2E0378E1236205CD000BA973 /* SignUpVC.xib in Resources */ = {isa = PBXBuildFile; fileRef = 2E0378E0236205CD000BA973 /* SignUpVC.xib */; };
		2E0378E3236205D6000BA973 /* SignUpVC.swift in Sources */ = {isa = PBXBuildFile; fileRef = 2E0378E2236205D6000BA973 /* SignUpVC.swift */; };
		2E0378E6236209A8000BA973 /* MainTabController.swift in Sources */ = {isa = PBXBuildFile; fileRef = 2E0378E5236209A8000BA973 /* MainTabController.swift */; };
		2EABB9F6235D1C2D002AD930 /* AppDelegate.swift in Sources */ = {isa = PBXBuildFile; fileRef = 2EABB9F5235D1C2D002AD930 /* AppDelegate.swift */; };
		2EABB9F8235D1C2D002AD930 /* WelcomeVC.swift in Sources */ = {isa = PBXBuildFile; fileRef = 2EABB9F7235D1C2D002AD930 /* WelcomeVC.swift */; };
		2EABB9FE235D1C2D002AD930 /* YourCityEvents.xcdatamodeld in Sources */ = {isa = PBXBuildFile; fileRef = 2EABB9FC235D1C2D002AD930 /* YourCityEvents.xcdatamodeld */; };
		2EABBA00235D1C2E002AD930 /* Assets.xcassets in Resources */ = {isa = PBXBuildFile; fileRef = 2EABB9FF235D1C2E002AD930 /* Assets.xcassets */; };
		2EABBA03235D1C2E002AD930 /* LaunchScreen.storyboard in Resources */ = {isa = PBXBuildFile; fileRef = 2EABBA01235D1C2E002AD930 /* LaunchScreen.storyboard */; };
/* End PBXBuildFile section */

/* Begin PBXFileReference section */
		2E0378CC2361FE7E000BA973 /* WelcomeVC.xib */ = {isa = PBXFileReference; lastKnownFileType = file.xib; path = WelcomeVC.xib; sourceTree = "<group>"; };
		2E0378D52361FF84000BA973 /* Roboto-Medium.ttf */ = {isa = PBXFileReference; lastKnownFileType = file; path = "Roboto-Medium.ttf"; sourceTree = "<group>"; };
		2E0378D6236201F0000BA973 /* Button.swift */ = {isa = PBXFileReference; lastKnownFileType = sourcecode.swift; path = Button.swift; sourceTree = "<group>"; };
		2E0378D923620223000BA973 /* Color.swift */ = {isa = PBXFileReference; lastKnownFileType = sourcecode.swift; path = Color.swift; sourceTree = "<group>"; };
		2E0378DB23620328000BA973 /* LoginVC.swift */ = {isa = PBXFileReference; lastKnownFileType = sourcecode.swift; path = LoginVC.swift; sourceTree = "<group>"; };
		2E0378DD23620332000BA973 /* LoginVC.xib */ = {isa = PBXFileReference; lastKnownFileType = file.xib; path = LoginVC.xib; sourceTree = "<group>"; };
		2E0378E0236205CD000BA973 /* SignUpVC.xib */ = {isa = PBXFileReference; lastKnownFileType = file.xib; path = SignUpVC.xib; sourceTree = "<group>"; };
		2E0378E2236205D6000BA973 /* SignUpVC.swift */ = {isa = PBXFileReference; lastKnownFileType = sourcecode.swift; path = SignUpVC.swift; sourceTree = "<group>"; };
		2E0378E5236209A8000BA973 /* MainTabController.swift */ = {isa = PBXFileReference; lastKnownFileType = sourcecode.swift; path = MainTabController.swift; sourceTree = "<group>"; };
		2EABB9F2235D1C2D002AD930 /* YourCityEvents.app */ = {isa = PBXFileReference; explicitFileType = wrapper.application; includeInIndex = 0; path = YourCityEvents.app; sourceTree = BUILT_PRODUCTS_DIR; };
		2EABB9F5235D1C2D002AD930 /* AppDelegate.swift */ = {isa = PBXFileReference; lastKnownFileType = sourcecode.swift; path = AppDelegate.swift; sourceTree = "<group>"; };
		2EABB9F7235D1C2D002AD930 /* WelcomeVC.swift */ = {isa = PBXFileReference; lastKnownFileType = sourcecode.swift; path = WelcomeVC.swift; sourceTree = "<group>"; };
		2EABB9FD235D1C2D002AD930 /* YourCityEvents.xcdatamodel */ = {isa = PBXFileReference; lastKnownFileType = wrapper.xcdatamodel; path = YourCityEvents.xcdatamodel; sourceTree = "<group>"; };
		2EABB9FF235D1C2E002AD930 /* Assets.xcassets */ = {isa = PBXFileReference; lastKnownFileType = folder.assetcatalog; path = Assets.xcassets; sourceTree = "<group>"; };
		2EABBA02235D1C2E002AD930 /* Base */ = {isa = PBXFileReference; lastKnownFileType = file.storyboard; name = Base; path = Base.lproj/LaunchScreen.storyboard; sourceTree = "<group>"; };
		2EABBA04235D1C2E002AD930 /* Info.plist */ = {isa = PBXFileReference; lastKnownFileType = text.plist.xml; path = Info.plist; sourceTree = "<group>"; };
/* End PBXFileReference section */

/* Begin PBXFrameworksBuildPhase section */
		2EABB9EF235D1C2D002AD930 /* Frameworks */ = {
			isa = PBXFrameworksBuildPhase;
			buildActionMask = 2147483647;
			files = (
			);
			runOnlyForDeploymentPostprocessing = 0;
		};
/* End PBXFrameworksBuildPhase section */

/* Begin PBXGroup section */
		2E0378CE2361FE92000BA973 /* Screens */ = {
			isa = PBXGroup;
			children = (
				2E0378CF2361FEA1000BA973 /* Welcome */,
				2E0378DF23620336000BA973 /* Login */,
				2E0378E4236205D9000BA973 /* SignUp */,
				2E0378E723620A58000BA973 /* MainTabController */,
			);
			path = Screens;
			sourceTree = "<group>";
		};
		2E0378CF2361FEA1000BA973 /* Welcome */ = {
			isa = PBXGroup;
			children = (
				2EABB9F7235D1C2D002AD930 /* WelcomeVC.swift */,
				2E0378CC2361FE7E000BA973 /* WelcomeVC.xib */,
			);
			path = Welcome;
			sourceTree = "<group>";
		};
		2E0378D02361FECF000BA973 /* Resources */ = {
			isa = PBXGroup;
			children = (
				2E0378D42361FF84000BA973 /* Fonts */,
				2EABB9FF235D1C2E002AD930 /* Assets.xcassets */,
				2E0378D923620223000BA973 /* Color.swift */,
			);
			path = Resources;
			sourceTree = "<group>";
		};
		2E0378D12361FEDC000BA973 /* SupportingFiles */ = {
			isa = PBXGroup;
			children = (
				2EABBA04235D1C2E002AD930 /* Info.plist */,
				2EABB9F5235D1C2D002AD930 /* AppDelegate.swift */,
			);
			path = SupportingFiles;
			sourceTree = "<group>";
		};
		2E0378D42361FF84000BA973 /* Fonts */ = {
			isa = PBXGroup;
			children = (
				2E0378D52361FF84000BA973 /* Roboto-Medium.ttf */,
			);
			path = Fonts;
			sourceTree = "<group>";
		};
		2E0378D8236201F5000BA973 /* View */ = {
			isa = PBXGroup;
			children = (
				2E0378D6236201F0000BA973 /* Button.swift */,
			);
			path = View;
			sourceTree = "<group>";
		};
		2E0378DF23620336000BA973 /* Login */ = {
			isa = PBXGroup;
			children = (
				2E0378DB23620328000BA973 /* LoginVC.swift */,
				2E0378DD23620332000BA973 /* LoginVC.xib */,
			);
			path = Login;
			sourceTree = "<group>";
		};
		2E0378E4236205D9000BA973 /* SignUp */ = {
			isa = PBXGroup;
			children = (
				2E0378E0236205CD000BA973 /* SignUpVC.xib */,
				2E0378E2236205D6000BA973 /* SignUpVC.swift */,
			);
			path = SignUp;
			sourceTree = "<group>";
		};
		2E0378E723620A58000BA973 /* MainTabController */ = {
			isa = PBXGroup;
			children = (
				2E0378E5236209A8000BA973 /* MainTabController.swift */,
			);
			path = MainTabController;
			sourceTree = "<group>";
		};
		2EABB9E9235D1C2D002AD930 = {
			isa = PBXGroup;
			children = (
				2EABB9F4235D1C2D002AD930 /* YourCityEvents */,
				2EABB9F3235D1C2D002AD930 /* Products */,
			);
			sourceTree = "<group>";
		};
		2EABB9F3235D1C2D002AD930 /* Products */ = {
			isa = PBXGroup;
			children = (
				2EABB9F2235D1C2D002AD930 /* YourCityEvents.app */,
			);
			name = Products;
			sourceTree = "<group>";
		};
		2EABB9F4235D1C2D002AD930 /* YourCityEvents */ = {
			isa = PBXGroup;
			children = (
				2E0378D8236201F5000BA973 /* View */,
				2E0378D12361FEDC000BA973 /* SupportingFiles */,
				2E0378CE2361FE92000BA973 /* Screens */,
				2E0378D02361FECF000BA973 /* Resources */,
				2EABBA01235D1C2E002AD930 /* LaunchScreen.storyboard */,
				2EABB9FC235D1C2D002AD930 /* YourCityEvents.xcdatamodeld */,
			);
			path = YourCityEvents;
			sourceTree = "<group>";
		};
/* End PBXGroup section */

/* Begin PBXNativeTarget section */
		2EABB9F1235D1C2D002AD930 /* YourCityEvents */ = {
			isa = PBXNativeTarget;
			buildConfigurationList = 2EABBA07235D1C2E002AD930 /* Build configuration list for PBXNativeTarget "YourCityEvents" */;
			buildPhases = (
				2EABB9EE235D1C2D002AD930 /* Sources */,
				2EABB9EF235D1C2D002AD930 /* Frameworks */,
				2EABB9F0235D1C2D002AD930 /* Resources */,
			);
			buildRules = (
			);
			dependencies = (
			);
			name = YourCityEvents;
			productName = YourCityEvents;
			productReference = 2EABB9F2235D1C2D002AD930 /* YourCityEvents.app */;
			productType = "com.apple.product-type.application";
		};
/* End PBXNativeTarget section */

/* Begin PBXProject section */
		2EABB9EA235D1C2D002AD930 /* Project object */ = {
			isa = PBXProject;
			attributes = {
				LastSwiftUpdateCheck = 1030;
				LastUpgradeCheck = 1030;
				ORGANIZATIONNAME = "Yaroslav Zarechnyy";
				TargetAttributes = {
					2EABB9F1235D1C2D002AD930 = {
						CreatedOnToolsVersion = 10.3;
					};
				};
			};
			buildConfigurationList = 2EABB9ED235D1C2D002AD930 /* Build configuration list for PBXProject "YourCityEvents" */;
			compatibilityVersion = "Xcode 9.3";
			developmentRegion = en;
			hasScannedForEncodings = 0;
			knownRegions = (
				en,
				Base,
			);
			mainGroup = 2EABB9E9235D1C2D002AD930;
			productRefGroup = 2EABB9F3235D1C2D002AD930 /* Products */;
			projectDirPath = "";
			projectRoot = "";
			targets = (
				2EABB9F1235D1C2D002AD930 /* YourCityEvents */,
			);
		};
/* End PBXProject section */

/* Begin PBXResourcesBuildPhase section */
		2EABB9F0235D1C2D002AD930 /* Resources */ = {
			isa = PBXResourcesBuildPhase;
			buildActionMask = 2147483647;
			files = (
				2EABBA03235D1C2E002AD930 /* LaunchScreen.storyboard in Resources */,
				2E0378CD2361FE7E000BA973 /* WelcomeVC.xib in Resources */,
				2E0378E1236205CD000BA973 /* SignUpVC.xib in Resources */,
				2E0378DE23620332000BA973 /* LoginVC.xib in Resources */,
				2EABBA00235D1C2E002AD930 /* Assets.xcassets in Resources */,
			);
			runOnlyForDeploymentPostprocessing = 0;
		};
/* End PBXResourcesBuildPhase section */

/* Begin PBXSourcesBuildPhase section */
		2EABB9EE235D1C2D002AD930 /* Sources */ = {
			isa = PBXSourcesBuildPhase;
			buildActionMask = 2147483647;
			files = (
				2E0378E3236205D6000BA973 /* SignUpVC.swift in Sources */,
				2EABB9FE235D1C2D002AD930 /* YourCityEvents.xcdatamodeld in Sources */,
				2E0378E6236209A8000BA973 /* MainTabController.swift in Sources */,
				2EABB9F8235D1C2D002AD930 /* WelcomeVC.swift in Sources */,
				2E0378DC23620328000BA973 /* LoginVC.swift in Sources */,
				2EABB9F6235D1C2D002AD930 /* AppDelegate.swift in Sources */,
				2E0378DA23620223000BA973 /* Color.swift in Sources */,
				2E0378D7236201F0000BA973 /* Button.swift in Sources */,
			);
			runOnlyForDeploymentPostprocessing = 0;
		};
/* End PBXSourcesBuildPhase section */

/* Begin PBXVariantGroup section */
		2EABBA01235D1C2E002AD930 /* LaunchScreen.storyboard */ = {
			isa = PBXVariantGroup;
			children = (
				2EABBA02235D1C2E002AD930 /* Base */,
			);
			name = LaunchScreen.storyboard;
			sourceTree = "<group>";
		};
/* End PBXVariantGroup section */

/* Begin XCBuildConfiguration section */
		2EABBA05235D1C2E002AD930 /* Debug */ = {
			isa = XCBuildConfiguration;
			buildSettings = {
				ALWAYS_SEARCH_USER_PATHS = NO;
				CLANG_ANALYZER_NONNULL = YES;
				CLANG_ANALYZER_NUMBER_OBJECT_CONVERSION = YES_AGGRESSIVE;
				CLANG_CXX_LANGUAGE_STANDARD = "gnu++14";
				CLANG_CXX_LIBRARY = "libc++";
				CLANG_ENABLE_MODULES = YES;
				CLANG_ENABLE_OBJC_ARC = YES;
				CLANG_ENABLE_OBJC_WEAK = YES;
				CLANG_WARN_BLOCK_CAPTURE_AUTORELEASING = YES;
				CLANG_WARN_BOOL_CONVERSION = YES;
				CLANG_WARN_COMMA = YES;
				CLANG_WARN_CONSTANT_CONVERSION = YES;
				CLANG_WARN_DEPRECATED_OBJC_IMPLEMENTATIONS = YES;
				CLANG_WARN_DIRECT_OBJC_ISA_USAGE = YES_ERROR;
				CLANG_WARN_DOCUMENTATION_COMMENTS = YES;
				CLANG_WARN_EMPTY_BODY = YES;
				CLANG_WARN_ENUM_CONVERSION = YES;
				CLANG_WARN_INFINITE_RECURSION = YES;
				CLANG_WARN_INT_CONVERSION = YES;
				CLANG_WARN_NON_LITERAL_NULL_CONVERSION = YES;
				CLANG_WARN_OBJC_IMPLICIT_RETAIN_SELF = YES;
				CLANG_WARN_OBJC_LITERAL_CONVERSION = YES;
				CLANG_WARN_OBJC_ROOT_CLASS = YES_ERROR;
				CLANG_WARN_RANGE_LOOP_ANALYSIS = YES;
				CLANG_WARN_STRICT_PROTOTYPES = YES;
				CLANG_WARN_SUSPICIOUS_MOVE = YES;
				CLANG_WARN_UNGUARDED_AVAILABILITY = YES_AGGRESSIVE;
				CLANG_WARN_UNREACHABLE_CODE = YES;
				CLANG_WARN__DUPLICATE_METHOD_MATCH = YES;
				CODE_SIGN_IDENTITY = "iPhone Developer";
				COPY_PHASE_STRIP = NO;
				DEBUG_INFORMATION_FORMAT = dwarf;
				ENABLE_STRICT_OBJC_MSGSEND = YES;
				ENABLE_TESTABILITY = YES;
				GCC_C_LANGUAGE_STANDARD = gnu11;
				GCC_DYNAMIC_NO_PIC = NO;
				GCC_NO_COMMON_BLOCKS = YES;
				GCC_OPTIMIZATION_LEVEL = 0;
				GCC_PREPROCESSOR_DEFINITIONS = (
					"DEBUG=1",
					"$(inherited)",
				);
				GCC_WARN_64_TO_32_BIT_CONVERSION = YES;
				GCC_WARN_ABOUT_RETURN_TYPE = YES_ERROR;
				GCC_WARN_UNDECLARED_SELECTOR = YES;
				GCC_WARN_UNINITIALIZED_AUTOS = YES_AGGRESSIVE;
				GCC_WARN_UNUSED_FUNCTION = YES;
				GCC_WARN_UNUSED_VARIABLE = YES;
				IPHONEOS_DEPLOYMENT_TARGET = 12.4;
				MTL_ENABLE_DEBUG_INFO = INCLUDE_SOURCE;
				MTL_FAST_MATH = YES;
				ONLY_ACTIVE_ARCH = YES;
				SDKROOT = iphoneos;
				SWIFT_ACTIVE_COMPILATION_CONDITIONS = DEBUG;
				SWIFT_OPTIMIZATION_LEVEL = "-Onone";
			};
			name = Debug;
		};
		2EABBA06235D1C2E002AD930 /* Release */ = {
			isa = XCBuildConfiguration;
			buildSettings = {
				ALWAYS_SEARCH_USER_PATHS = NO;
				CLANG_ANALYZER_NONNULL = YES;
				CLANG_ANALYZER_NUMBER_OBJECT_CONVERSION = YES_AGGRESSIVE;
				CLANG_CXX_LANGUAGE_STANDARD = "gnu++14";
				CLANG_CXX_LIBRARY = "libc++";
				CLANG_ENABLE_MODULES = YES;
				CLANG_ENABLE_OBJC_ARC = YES;
				CLANG_ENABLE_OBJC_WEAK = YES;
				CLANG_WARN_BLOCK_CAPTURE_AUTORELEASING = YES;
				CLANG_WARN_BOOL_CONVERSION = YES;
				CLANG_WARN_COMMA = YES;
				CLANG_WARN_CONSTANT_CONVERSION = YES;
				CLANG_WARN_DEPRECATED_OBJC_IMPLEMENTATIONS = YES;
				CLANG_WARN_DIRECT_OBJC_ISA_USAGE = YES_ERROR;
				CLANG_WARN_DOCUMENTATION_COMMENTS = YES;
				CLANG_WARN_EMPTY_BODY = YES;
				CLANG_WARN_ENUM_CONVERSION = YES;
				CLANG_WARN_INFINITE_RECURSION = YES;
				CLANG_WARN_INT_CONVERSION = YES;
				CLANG_WARN_NON_LITERAL_NULL_CONVERSION = YES;
				CLANG_WARN_OBJC_IMPLICIT_RETAIN_SELF = YES;
				CLANG_WARN_OBJC_LITERAL_CONVERSION = YES;
				CLANG_WARN_OBJC_ROOT_CLASS = YES_ERROR;
				CLANG_WARN_RANGE_LOOP_ANALYSIS = YES;
				CLANG_WARN_STRICT_PROTOTYPES = YES;
				CLANG_WARN_SUSPICIOUS_MOVE = YES;
				CLANG_WARN_UNGUARDED_AVAILABILITY = YES_AGGRESSIVE;
				CLANG_WARN_UNREACHABLE_CODE = YES;
				CLANG_WARN__DUPLICATE_METHOD_MATCH = YES;
				CODE_SIGN_IDENTITY = "iPhone Developer";
				COPY_PHASE_STRIP = NO;
				DEBUG_INFORMATION_FORMAT = "dwarf-with-dsym";
				ENABLE_NS_ASSERTIONS = NO;
				ENABLE_STRICT_OBJC_MSGSEND = YES;
				GCC_C_LANGUAGE_STANDARD = gnu11;
				GCC_NO_COMMON_BLOCKS = YES;
				GCC_WARN_64_TO_32_BIT_CONVERSION = YES;
				GCC_WARN_ABOUT_RETURN_TYPE = YES_ERROR;
				GCC_WARN_UNDECLARED_SELECTOR = YES;
				GCC_WARN_UNINITIALIZED_AUTOS = YES_AGGRESSIVE;
				GCC_WARN_UNUSED_FUNCTION = YES;
				GCC_WARN_UNUSED_VARIABLE = YES;
				IPHONEOS_DEPLOYMENT_TARGET = 12.4;
				MTL_ENABLE_DEBUG_INFO = NO;
				MTL_FAST_MATH = YES;
				SDKROOT = iphoneos;
				SWIFT_COMPILATION_MODE = wholemodule;
				SWIFT_OPTIMIZATION_LEVEL = "-O";
				VALIDATE_PRODUCT = YES;
			};
			name = Release;
		};
		2EABBA08235D1C2E002AD930 /* Debug */ = {
			isa = XCBuildConfiguration;
			buildSettings = {
				ASSETCATALOG_COMPILER_APPICON_NAME = AppIcon;
				CODE_SIGN_STYLE = Automatic;
				DEVELOPMENT_TEAM = CYB7A23B76;
				INFOPLIST_FILE = "$(SRCROOT)/YourCityEvents/SupportingFiles/Info.plist";
				IPHONEOS_DEPLOYMENT_TARGET = 11.0;
				LD_RUNPATH_SEARCH_PATHS = (
					"$(inherited)",
					"@executable_path/Frameworks",
				);
				PRODUCT_BUNDLE_IDENTIFIER = com.zarechnyy.YourCityEvents;
				PRODUCT_NAME = "$(TARGET_NAME)";
				SWIFT_VERSION = 5.0;
				TARGETED_DEVICE_FAMILY = 1;
			};
			name = Debug;
		};
		2EABBA09235D1C2E002AD930 /* Release */ = {
			isa = XCBuildConfiguration;
			buildSettings = {
				ASSETCATALOG_COMPILER_APPICON_NAME = AppIcon;
				CODE_SIGN_STYLE = Automatic;
				DEVELOPMENT_TEAM = CYB7A23B76;
				INFOPLIST_FILE = "$(SRCROOT)/YourCityEvents/SupportingFiles/Info.plist";
				IPHONEOS_DEPLOYMENT_TARGET = 11.0;
				LD_RUNPATH_SEARCH_PATHS = (
					"$(inherited)",
					"@executable_path/Frameworks",
				);
				PRODUCT_BUNDLE_IDENTIFIER = com.zarechnyy.YourCityEvents;
				PRODUCT_NAME = "$(TARGET_NAME)";
				SWIFT_VERSION = 5.0;
				TARGETED_DEVICE_FAMILY = 1;
			};
			name = Release;
		};
/* End XCBuildConfiguration section */

/* Begin XCConfigurationList section */
		2EABB9ED235D1C2D002AD930 /* Build configuration list for PBXProject "YourCityEvents" */ = {
			isa = XCConfigurationList;
			buildConfigurations = (
				2EABBA05235D1C2E002AD930 /* Debug */,
				2EABBA06235D1C2E002AD930 /* Release */,
			);
			defaultConfigurationIsVisible = 0;
			defaultConfigurationName = Release;
		};
		2EABBA07235D1C2E002AD930 /* Build configuration list for PBXNativeTarget "YourCityEvents" */ = {
			isa = XCConfigurationList;
			buildConfigurations = (
				2EABBA08235D1C2E002AD930 /* Debug */,
				2EABBA09235D1C2E002AD930 /* Release */,
			);
			defaultConfigurationIsVisible = 0;
			defaultConfigurationName = Release;
		};
/* End XCConfigurationList section */

/* Begin XCVersionGroup section */
		2EABB9FC235D1C2D002AD930 /* YourCityEvents.xcdatamodeld */ = {
			isa = XCVersionGroup;
			children = (
				2EABB9FD235D1C2D002AD930 /* YourCityEvents.xcdatamodel */,
			);
			currentVersion = 2EABB9FD235D1C2D002AD930 /* YourCityEvents.xcdatamodel */;
			path = YourCityEvents.xcdatamodeld;
			sourceTree = "<group>";
			versionGroupType = wrapper.xcdatamodel;
		};
/* End XCVersionGroup section */
	};
	rootObject = 2EABB9EA235D1C2D002AD930 /* Project object */;
}
