// !$*UTF8*$!
{
	archiveVersion = 1;
	classes = {
	};
	objectVersion = 51;
	objects = {

/* Begin PBXBuildFile section */
		130AA054E103A085B59F50E6 /* Pods_YourCityEvents.framework in Frameworks */ = {isa = PBXBuildFile; fileRef = 9FF27AE93345322FDFDCFE28 /* Pods_YourCityEvents.framework */; };
		2E014E1723832BC300B3AABD /* AvatarCell.xib in Resources */ = {isa = PBXBuildFile; fileRef = 2E014E1623832BC300B3AABD /* AvatarCell.xib */; };
		2E014E1923832BCD00B3AABD /* AvatarCell.swift in Sources */ = {isa = PBXBuildFile; fileRef = 2E014E1823832BCD00B3AABD /* AvatarCell.swift */; };
		2E014E1E23832C9F00B3AABD /* PAvatarCellVM.swift in Sources */ = {isa = PBXBuildFile; fileRef = 2E014E1D23832C9F00B3AABD /* PAvatarCellVM.swift */; };
		2E014E2023832CB700B3AABD /* AvatarCellVM.swift in Sources */ = {isa = PBXBuildFile; fileRef = 2E014E1F23832CB700B3AABD /* AvatarCellVM.swift */; };
		2E014E23238330B000B3AABD /* EditProfileCell.swift in Sources */ = {isa = PBXBuildFile; fileRef = 2E014E22238330B000B3AABD /* EditProfileCell.swift */; };
		2E014E25238330C400B3AABD /* EditProfileCell.xib in Resources */ = {isa = PBXBuildFile; fileRef = 2E014E24238330C400B3AABD /* EditProfileCell.xib */; };
		2E014E292383317400B3AABD /* PEditProfileCellVM.swift in Sources */ = {isa = PBXBuildFile; fileRef = 2E014E282383317400B3AABD /* PEditProfileCellVM.swift */; };
		2E014E2B2383317D00B3AABD /* EditProfileCellVM.swift in Sources */ = {isa = PBXBuildFile; fileRef = 2E014E2A2383317D00B3AABD /* EditProfileCellVM.swift */; };
		2E014E2E23833BAD00B3AABD /* ChangeProfileVC.swift in Sources */ = {isa = PBXBuildFile; fileRef = 2E014E2D23833BAD00B3AABD /* ChangeProfileVC.swift */; };
		2E014E3023833BCE00B3AABD /* ChangeProfileVC.xib in Resources */ = {isa = PBXBuildFile; fileRef = 2E014E2F23833BCE00B3AABD /* ChangeProfileVC.xib */; };
		2E014E3423833DF600B3AABD /* PChangeProfileVM.swift in Sources */ = {isa = PBXBuildFile; fileRef = 2E014E3323833DF600B3AABD /* PChangeProfileVM.swift */; };
		2E014E3623833DFD00B3AABD /* ChangeProfileVM.swift in Sources */ = {isa = PBXBuildFile; fileRef = 2E014E3523833DFD00B3AABD /* ChangeProfileVM.swift */; };
		2E014E392383441400B3AABD /* ImagePicker.swift in Sources */ = {isa = PBXBuildFile; fileRef = 2E014E382383441400B3AABD /* ImagePicker.swift */; };
		2E0378CD2361FE7E000BA973 /* WelcomeVC.xib in Resources */ = {isa = PBXBuildFile; fileRef = 2E0378CC2361FE7E000BA973 /* WelcomeVC.xib */; };
		2E0378D7236201F0000BA973 /* Button.swift in Sources */ = {isa = PBXBuildFile; fileRef = 2E0378D6236201F0000BA973 /* Button.swift */; };
		2E0378DA23620223000BA973 /* Color.swift in Sources */ = {isa = PBXBuildFile; fileRef = 2E0378D923620223000BA973 /* Color.swift */; };
		2E0378DC23620328000BA973 /* LoginVC.swift in Sources */ = {isa = PBXBuildFile; fileRef = 2E0378DB23620328000BA973 /* LoginVC.swift */; };
		2E0378DE23620332000BA973 /* LoginVC.xib in Resources */ = {isa = PBXBuildFile; fileRef = 2E0378DD23620332000BA973 /* LoginVC.xib */; };
		2E0378E6236209A8000BA973 /* MainTabController.swift in Sources */ = {isa = PBXBuildFile; fileRef = 2E0378E5236209A8000BA973 /* MainTabController.swift */; };
		2E0378E923620D14000BA973 /* UIImageView+Extensions.swift in Sources */ = {isa = PBXBuildFile; fileRef = 2E0378E823620D14000BA973 /* UIImageView+Extensions.swift */; };
		2E1DA3A1237D9D4B00B5F73B /* ShadowView.swift in Sources */ = {isa = PBXBuildFile; fileRef = 2E1DA3A0237D9D4B00B5F73B /* ShadowView.swift */; };
		2E1DA3A3237D9FA200B5F73B /* UIFont+Extensions.swift in Sources */ = {isa = PBXBuildFile; fileRef = 2E1DA3A2237D9FA200B5F73B /* UIFont+Extensions.swift */; };
		2E1DA3A5237DA02400B5F73B /* Networking.swift in Sources */ = {isa = PBXBuildFile; fileRef = 2E1DA3A4237DA02400B5F73B /* Networking.swift */; };
		2E1DA3A8237DA04A00B5F73B /* APIFacade.swift in Sources */ = {isa = PBXBuildFile; fileRef = 2E1DA3A7237DA04A00B5F73B /* APIFacade.swift */; };
		2E1DA3AA237DA07500B5F73B /* Response.swift in Sources */ = {isa = PBXBuildFile; fileRef = 2E1DA3A9237DA07500B5F73B /* Response.swift */; };
		2E1DA3AD237DA09C00B5F73B /* Config.swift in Sources */ = {isa = PBXBuildFile; fileRef = 2E1DA3AC237DA09C00B5F73B /* Config.swift */; };
		2E1DA3B0237DA10400B5F73B /* User.swift in Sources */ = {isa = PBXBuildFile; fileRef = 2E1DA3AF237DA10400B5F73B /* User.swift */; };
		2E66CC84237ECCFA00A74F45 /* XibView.swift in Sources */ = {isa = PBXBuildFile; fileRef = 2E66CC83237ECCFA00A74F45 /* XibView.swift */; };
		2E66CC86237ECD3300A74F45 /* InputView.swift in Sources */ = {isa = PBXBuildFile; fileRef = 2E66CC85237ECD3300A74F45 /* InputView.swift */; };
		2E66CC88237ECD5900A74F45 /* PValidator.swift in Sources */ = {isa = PBXBuildFile; fileRef = 2E66CC87237ECD5900A74F45 /* PValidator.swift */; };
		2E66CC8B237ECD7F00A74F45 /* EmailValidator.swift in Sources */ = {isa = PBXBuildFile; fileRef = 2E66CC8A237ECD7F00A74F45 /* EmailValidator.swift */; };
		2E66CC8D237ECD9400A74F45 /* PasswordValidator.swift in Sources */ = {isa = PBXBuildFile; fileRef = 2E66CC8C237ECD9400A74F45 /* PasswordValidator.swift */; };
		2E66CC8F237ECDA700A74F45 /* CommonValidator.swift in Sources */ = {isa = PBXBuildFile; fileRef = 2E66CC8E237ECDA700A74F45 /* CommonValidator.swift */; };
		2E66CC91237ECEA200A74F45 /* InputView.xib in Resources */ = {isa = PBXBuildFile; fileRef = 2E66CC90237ECEA200A74F45 /* InputView.xib */; };
		2E66CC93237ED25300A74F45 /* UIView+Extensions.swift in Sources */ = {isa = PBXBuildFile; fileRef = 2E66CC92237ED25300A74F45 /* UIView+Extensions.swift */; };
		2E66CC97237EE3A200A74F45 /* PLoginVM.swift in Sources */ = {isa = PBXBuildFile; fileRef = 2E66CC96237EE3A200A74F45 /* PLoginVM.swift */; };
		2E66CC99237EE3BD00A74F45 /* LoginVM.swift in Sources */ = {isa = PBXBuildFile; fileRef = 2E66CC98237EE3BD00A74F45 /* LoginVM.swift */; };
		2E66CC9B237EE41C00A74F45 /* ViewController.swift in Sources */ = {isa = PBXBuildFile; fileRef = 2E66CC9A237EE41C00A74F45 /* ViewController.swift */; };
		2E66CCA6237EEA2000A74F45 /* Router.swift in Sources */ = {isa = PBXBuildFile; fileRef = 2E66CCA5237EEA2000A74F45 /* Router.swift */; };
		2E66CCA9237EEE5800A74F45 /* PWelcomeVM.swift in Sources */ = {isa = PBXBuildFile; fileRef = 2E66CCA8237EEE5800A74F45 /* PWelcomeVM.swift */; };
		2E66CCAB237EEE8900A74F45 /* WelcomeVM.swift in Sources */ = {isa = PBXBuildFile; fileRef = 2E66CCAA237EEE8900A74F45 /* WelcomeVM.swift */; };
		2E66CCAF237F5CF100A74F45 /* TableViewController.swift in Sources */ = {isa = PBXBuildFile; fileRef = 2E66CCAE237F5CF100A74F45 /* TableViewController.swift */; };
		2E66CCB1237F5D1100A74F45 /* PTableViewCellModel.swift in Sources */ = {isa = PBXBuildFile; fileRef = 2E66CCB0237F5D1100A74F45 /* PTableViewCellModel.swift */; };
		2E66CCB3237F5D3300A74F45 /* TableViewCell.swift in Sources */ = {isa = PBXBuildFile; fileRef = 2E66CCB2237F5D3300A74F45 /* TableViewCell.swift */; };
		2E66CCB5237F5D4C00A74F45 /* PTableViewModel.swift in Sources */ = {isa = PBXBuildFile; fileRef = 2E66CCB4237F5D4C00A74F45 /* PTableViewModel.swift */; };
		2E66CCB9238015C500A74F45 /* AuthModels.swift in Sources */ = {isa = PBXBuildFile; fileRef = 2E66CCB8238015C500A74F45 /* AuthModels.swift */; };
		2E66CCBB2380163D00A74F45 /* CityModel.swift in Sources */ = {isa = PBXBuildFile; fileRef = 2E66CCBA2380163D00A74F45 /* CityModel.swift */; };
		2E66CCBD2380293300A74F45 /* UIViewController+Extension.swift in Sources */ = {isa = PBXBuildFile; fileRef = 2E66CCBC2380293300A74F45 /* UIViewController+Extension.swift */; };
		2EA617F723831E33003F10B7 /* EditProfileVC.swift in Sources */ = {isa = PBXBuildFile; fileRef = 2EA617F623831E33003F10B7 /* EditProfileVC.swift */; };
		2EA617F923831E6F003F10B7 /* EditProfileVC.xib in Resources */ = {isa = PBXBuildFile; fileRef = 2EA617F823831E6F003F10B7 /* EditProfileVC.xib */; };
		2EA617FD23831E9E003F10B7 /* PProfileVM.swift in Sources */ = {isa = PBXBuildFile; fileRef = 2EA617FC23831E9E003F10B7 /* PProfileVM.swift */; };
		2EA617FF23831EB5003F10B7 /* ProfileVM.swift in Sources */ = {isa = PBXBuildFile; fileRef = 2EA617FE23831EB5003F10B7 /* ProfileVM.swift */; };
		2EA61802238322D0003F10B7 /* EditProfileVM.swift in Sources */ = {isa = PBXBuildFile; fileRef = 2EA61801238322D0003F10B7 /* EditProfileVM.swift */; };
		2EA61804238322D7003F10B7 /* PEditProfileVM.swift in Sources */ = {isa = PBXBuildFile; fileRef = 2EA61803238322D7003F10B7 /* PEditProfileVM.swift */; };
		2EABB9F6235D1C2D002AD930 /* AppDelegate.swift in Sources */ = {isa = PBXBuildFile; fileRef = 2EABB9F5235D1C2D002AD930 /* AppDelegate.swift */; };
		2EABB9F8235D1C2D002AD930 /* WelcomeVC.swift in Sources */ = {isa = PBXBuildFile; fileRef = 2EABB9F7235D1C2D002AD930 /* WelcomeVC.swift */; };
		2EABB9FE235D1C2D002AD930 /* YourCityEvents.xcdatamodeld in Sources */ = {isa = PBXBuildFile; fileRef = 2EABB9FC235D1C2D002AD930 /* YourCityEvents.xcdatamodeld */; };
		2EABBA00235D1C2E002AD930 /* Assets.xcassets in Resources */ = {isa = PBXBuildFile; fileRef = 2EABB9FF235D1C2E002AD930 /* Assets.xcassets */; };
		2EABBA03235D1C2E002AD930 /* LaunchScreen.storyboard in Resources */ = {isa = PBXBuildFile; fileRef = 2EABBA01235D1C2E002AD930 /* LaunchScreen.storyboard */; };
		2EAE6CF823808E7100D4B867 /* PFeedCellViewModel.swift in Sources */ = {isa = PBXBuildFile; fileRef = 2EAE6CF723808E7100D4B867 /* PFeedCellViewModel.swift */; };
		2EAE6CFA23808EC700D4B867 /* FeedCellModel.swift in Sources */ = {isa = PBXBuildFile; fileRef = 2EAE6CF923808EC700D4B867 /* FeedCellModel.swift */; };
		2EAE6CFD2380903200D4B867 /* FeedVM.swift in Sources */ = {isa = PBXBuildFile; fileRef = 2EAE6CFC2380903200D4B867 /* FeedVM.swift */; };
		2EAE6CFF2380903B00D4B867 /* PFeedVM.swift in Sources */ = {isa = PBXBuildFile; fileRef = 2EAE6CFE2380903B00D4B867 /* PFeedVM.swift */; };
		2EAE6D0223816B5900D4B867 /* ProgressStepView.swift in Sources */ = {isa = PBXBuildFile; fileRef = 2EAE6D0123816B5900D4B867 /* ProgressStepView.swift */; };
		2EAE6D0423816F1E00D4B867 /* SignUpVC.swift in Sources */ = {isa = PBXBuildFile; fileRef = 2EAE6D0323816F1E00D4B867 /* SignUpVC.swift */; };
		2EAE6D0623816F2A00D4B867 /* SignUpVC.xib in Resources */ = {isa = PBXBuildFile; fileRef = 2EAE6D0523816F2A00D4B867 /* SignUpVC.xib */; };
		2EAE6D0B2381709500D4B867 /* PSignUpVM.swift in Sources */ = {isa = PBXBuildFile; fileRef = 2EAE6D0A2381709500D4B867 /* PSignUpVM.swift */; };
		2EAE6D0D238170B700D4B867 /* SignUpVM.swift in Sources */ = {isa = PBXBuildFile; fileRef = 2EAE6D0C238170B700D4B867 /* SignUpVM.swift */; };
		2EAE6D18238193CE00D4B867 /* CityCell.swift in Sources */ = {isa = PBXBuildFile; fileRef = 2EAE6D17238193CE00D4B867 /* CityCell.swift */; };
		2EAE6D1A238193D800D4B867 /* CityCell.xib in Resources */ = {isa = PBXBuildFile; fileRef = 2EAE6D19238193D800D4B867 /* CityCell.xib */; };
		2EAE6D1E23819A4600D4B867 /* PCityCellVM.swift in Sources */ = {isa = PBXBuildFile; fileRef = 2EAE6D1D23819A4600D4B867 /* PCityCellVM.swift */; };
		2EAE6D2023819A6A00D4B867 /* CityCellVM.swift in Sources */ = {isa = PBXBuildFile; fileRef = 2EAE6D1F23819A6A00D4B867 /* CityCellVM.swift */; };
		2EE95BED2366226C000A5AFB /* FeedVC.swift in Sources */ = {isa = PBXBuildFile; fileRef = 2EE95BEC2366226C000A5AFB /* FeedVC.swift */; };
		2EE95BF02366227E000A5AFB /* FeedVC.xib in Resources */ = {isa = PBXBuildFile; fileRef = 2EE95BEF2366227E000A5AFB /* FeedVC.xib */; };
		2EE95BF3236624B9000A5AFB /* FeedCell.xib in Resources */ = {isa = PBXBuildFile; fileRef = 2EE95BF2236624B9000A5AFB /* FeedCell.xib */; };
		2EE95BF5236626AB000A5AFB /* FeedCell.swift in Sources */ = {isa = PBXBuildFile; fileRef = 2EE95BF4236626AB000A5AFB /* FeedCell.swift */; };
		2EE95BF723662710000A5AFB /* NibLoadable.swift in Sources */ = {isa = PBXBuildFile; fileRef = 2EE95BF623662710000A5AFB /* NibLoadable.swift */; };
		2EE95BF923662739000A5AFB /* BaseTableViewCell.swift in Sources */ = {isa = PBXBuildFile; fileRef = 2EE95BF823662739000A5AFB /* BaseTableViewCell.swift */; };
		2EE95BFB2366275F000A5AFB /* BaseTableHeaderFooterView.swift in Sources */ = {isa = PBXBuildFile; fileRef = 2EE95BFA2366275F000A5AFB /* BaseTableHeaderFooterView.swift */; };
		2EE95BFD23662773000A5AFB /* ReusableView.swift in Sources */ = {isa = PBXBuildFile; fileRef = 2EE95BFC23662773000A5AFB /* ReusableView.swift */; };
		2EE95C0123662D55000A5AFB /* ProfileVC.swift in Sources */ = {isa = PBXBuildFile; fileRef = 2EE95C0023662D55000A5AFB /* ProfileVC.swift */; };
		2EE95C0323662D75000A5AFB /* ProfileVC.xib in Resources */ = {isa = PBXBuildFile; fileRef = 2EE95C0223662D75000A5AFB /* ProfileVC.xib */; };
/* End PBXBuildFile section */

/* Begin PBXFileReference section */
		2E014E1623832BC300B3AABD /* AvatarCell.xib */ = {isa = PBXFileReference; lastKnownFileType = file.xib; path = AvatarCell.xib; sourceTree = "<group>"; };
		2E014E1823832BCD00B3AABD /* AvatarCell.swift */ = {isa = PBXFileReference; lastKnownFileType = sourcecode.swift; path = AvatarCell.swift; sourceTree = "<group>"; };
		2E014E1D23832C9F00B3AABD /* PAvatarCellVM.swift */ = {isa = PBXFileReference; lastKnownFileType = sourcecode.swift; path = PAvatarCellVM.swift; sourceTree = "<group>"; };
		2E014E1F23832CB700B3AABD /* AvatarCellVM.swift */ = {isa = PBXFileReference; lastKnownFileType = sourcecode.swift; path = AvatarCellVM.swift; sourceTree = "<group>"; };
		2E014E22238330B000B3AABD /* EditProfileCell.swift */ = {isa = PBXFileReference; lastKnownFileType = sourcecode.swift; path = EditProfileCell.swift; sourceTree = "<group>"; };
		2E014E24238330C400B3AABD /* EditProfileCell.xib */ = {isa = PBXFileReference; lastKnownFileType = file.xib; path = EditProfileCell.xib; sourceTree = "<group>"; };
		2E014E282383317400B3AABD /* PEditProfileCellVM.swift */ = {isa = PBXFileReference; lastKnownFileType = sourcecode.swift; path = PEditProfileCellVM.swift; sourceTree = "<group>"; };
		2E014E2A2383317D00B3AABD /* EditProfileCellVM.swift */ = {isa = PBXFileReference; lastKnownFileType = sourcecode.swift; path = EditProfileCellVM.swift; sourceTree = "<group>"; };
		2E014E2D23833BAD00B3AABD /* ChangeProfileVC.swift */ = {isa = PBXFileReference; lastKnownFileType = sourcecode.swift; path = ChangeProfileVC.swift; sourceTree = "<group>"; };
		2E014E2F23833BCE00B3AABD /* ChangeProfileVC.xib */ = {isa = PBXFileReference; lastKnownFileType = file.xib; path = ChangeProfileVC.xib; sourceTree = "<group>"; };
		2E014E3323833DF600B3AABD /* PChangeProfileVM.swift */ = {isa = PBXFileReference; lastKnownFileType = sourcecode.swift; path = PChangeProfileVM.swift; sourceTree = "<group>"; };
		2E014E3523833DFD00B3AABD /* ChangeProfileVM.swift */ = {isa = PBXFileReference; lastKnownFileType = sourcecode.swift; path = ChangeProfileVM.swift; sourceTree = "<group>"; };
		2E014E382383441400B3AABD /* ImagePicker.swift */ = {isa = PBXFileReference; lastKnownFileType = sourcecode.swift; path = ImagePicker.swift; sourceTree = "<group>"; };
		2E0378CC2361FE7E000BA973 /* WelcomeVC.xib */ = {isa = PBXFileReference; lastKnownFileType = file.xib; path = WelcomeVC.xib; sourceTree = "<group>"; };
		2E0378D52361FF84000BA973 /* Roboto-Medium.ttf */ = {isa = PBXFileReference; lastKnownFileType = file; path = "Roboto-Medium.ttf"; sourceTree = "<group>"; };
		2E0378D6236201F0000BA973 /* Button.swift */ = {isa = PBXFileReference; lastKnownFileType = sourcecode.swift; path = Button.swift; sourceTree = "<group>"; };
		2E0378D923620223000BA973 /* Color.swift */ = {isa = PBXFileReference; lastKnownFileType = sourcecode.swift; path = Color.swift; sourceTree = "<group>"; };
		2E0378DB23620328000BA973 /* LoginVC.swift */ = {isa = PBXFileReference; lastKnownFileType = sourcecode.swift; path = LoginVC.swift; sourceTree = "<group>"; };
		2E0378DD23620332000BA973 /* LoginVC.xib */ = {isa = PBXFileReference; lastKnownFileType = file.xib; path = LoginVC.xib; sourceTree = "<group>"; };
		2E0378E5236209A8000BA973 /* MainTabController.swift */ = {isa = PBXFileReference; lastKnownFileType = sourcecode.swift; path = MainTabController.swift; sourceTree = "<group>"; };
		2E0378E823620D14000BA973 /* UIImageView+Extensions.swift */ = {isa = PBXFileReference; lastKnownFileType = sourcecode.swift; path = "UIImageView+Extensions.swift"; sourceTree = "<group>"; };
		2E1DA3A0237D9D4B00B5F73B /* ShadowView.swift */ = {isa = PBXFileReference; lastKnownFileType = sourcecode.swift; path = ShadowView.swift; sourceTree = "<group>"; };
		2E1DA3A2237D9FA200B5F73B /* UIFont+Extensions.swift */ = {isa = PBXFileReference; lastKnownFileType = sourcecode.swift; path = "UIFont+Extensions.swift"; sourceTree = "<group>"; };
		2E1DA3A4237DA02400B5F73B /* Networking.swift */ = {isa = PBXFileReference; lastKnownFileType = sourcecode.swift; path = Networking.swift; sourceTree = "<group>"; };
		2E1DA3A7237DA04A00B5F73B /* APIFacade.swift */ = {isa = PBXFileReference; lastKnownFileType = sourcecode.swift; path = APIFacade.swift; sourceTree = "<group>"; };
		2E1DA3A9237DA07500B5F73B /* Response.swift */ = {isa = PBXFileReference; lastKnownFileType = sourcecode.swift; path = Response.swift; sourceTree = "<group>"; };
		2E1DA3AC237DA09C00B5F73B /* Config.swift */ = {isa = PBXFileReference; lastKnownFileType = sourcecode.swift; path = Config.swift; sourceTree = "<group>"; };
		2E1DA3AF237DA10400B5F73B /* User.swift */ = {isa = PBXFileReference; lastKnownFileType = sourcecode.swift; path = User.swift; sourceTree = "<group>"; };
		2E66CC83237ECCFA00A74F45 /* XibView.swift */ = {isa = PBXFileReference; lastKnownFileType = sourcecode.swift; path = XibView.swift; sourceTree = "<group>"; };
		2E66CC85237ECD3300A74F45 /* InputView.swift */ = {isa = PBXFileReference; lastKnownFileType = sourcecode.swift; path = InputView.swift; sourceTree = "<group>"; };
		2E66CC87237ECD5900A74F45 /* PValidator.swift */ = {isa = PBXFileReference; lastKnownFileType = sourcecode.swift; path = PValidator.swift; sourceTree = "<group>"; };
		2E66CC8A237ECD7F00A74F45 /* EmailValidator.swift */ = {isa = PBXFileReference; lastKnownFileType = sourcecode.swift; path = EmailValidator.swift; sourceTree = "<group>"; };
		2E66CC8C237ECD9400A74F45 /* PasswordValidator.swift */ = {isa = PBXFileReference; lastKnownFileType = sourcecode.swift; path = PasswordValidator.swift; sourceTree = "<group>"; };
		2E66CC8E237ECDA700A74F45 /* CommonValidator.swift */ = {isa = PBXFileReference; lastKnownFileType = sourcecode.swift; path = CommonValidator.swift; sourceTree = "<group>"; };
		2E66CC90237ECEA200A74F45 /* InputView.xib */ = {isa = PBXFileReference; lastKnownFileType = file.xib; path = InputView.xib; sourceTree = "<group>"; };
		2E66CC92237ED25300A74F45 /* UIView+Extensions.swift */ = {isa = PBXFileReference; lastKnownFileType = sourcecode.swift; path = "UIView+Extensions.swift"; sourceTree = "<group>"; };
		2E66CC96237EE3A200A74F45 /* PLoginVM.swift */ = {isa = PBXFileReference; lastKnownFileType = sourcecode.swift; path = PLoginVM.swift; sourceTree = "<group>"; };
		2E66CC98237EE3BD00A74F45 /* LoginVM.swift */ = {isa = PBXFileReference; lastKnownFileType = sourcecode.swift; path = LoginVM.swift; sourceTree = "<group>"; };
		2E66CC9A237EE41C00A74F45 /* ViewController.swift */ = {isa = PBXFileReference; lastKnownFileType = sourcecode.swift; path = ViewController.swift; sourceTree = "<group>"; };
		2E66CCA5237EEA2000A74F45 /* Router.swift */ = {isa = PBXFileReference; lastKnownFileType = sourcecode.swift; path = Router.swift; sourceTree = "<group>"; };
		2E66CCA8237EEE5800A74F45 /* PWelcomeVM.swift */ = {isa = PBXFileReference; lastKnownFileType = sourcecode.swift; path = PWelcomeVM.swift; sourceTree = "<group>"; };
		2E66CCAA237EEE8900A74F45 /* WelcomeVM.swift */ = {isa = PBXFileReference; lastKnownFileType = sourcecode.swift; path = WelcomeVM.swift; sourceTree = "<group>"; };
		2E66CCAE237F5CF100A74F45 /* TableViewController.swift */ = {isa = PBXFileReference; lastKnownFileType = sourcecode.swift; path = TableViewController.swift; sourceTree = "<group>"; };
		2E66CCB0237F5D1100A74F45 /* PTableViewCellModel.swift */ = {isa = PBXFileReference; lastKnownFileType = sourcecode.swift; path = PTableViewCellModel.swift; sourceTree = "<group>"; };
		2E66CCB2237F5D3300A74F45 /* TableViewCell.swift */ = {isa = PBXFileReference; lastKnownFileType = sourcecode.swift; path = TableViewCell.swift; sourceTree = "<group>"; };
		2E66CCB4237F5D4C00A74F45 /* PTableViewModel.swift */ = {isa = PBXFileReference; lastKnownFileType = sourcecode.swift; path = PTableViewModel.swift; sourceTree = "<group>"; };
		2E66CCB8238015C500A74F45 /* AuthModels.swift */ = {isa = PBXFileReference; lastKnownFileType = sourcecode.swift; path = AuthModels.swift; sourceTree = "<group>"; };
		2E66CCBA2380163D00A74F45 /* CityModel.swift */ = {isa = PBXFileReference; lastKnownFileType = sourcecode.swift; path = CityModel.swift; sourceTree = "<group>"; };
		2E66CCBC2380293300A74F45 /* UIViewController+Extension.swift */ = {isa = PBXFileReference; lastKnownFileType = sourcecode.swift; path = "UIViewController+Extension.swift"; sourceTree = "<group>"; };
		2EA617F623831E33003F10B7 /* EditProfileVC.swift */ = {isa = PBXFileReference; lastKnownFileType = sourcecode.swift; path = EditProfileVC.swift; sourceTree = "<group>"; };
		2EA617F823831E6F003F10B7 /* EditProfileVC.xib */ = {isa = PBXFileReference; lastKnownFileType = file.xib; path = EditProfileVC.xib; sourceTree = "<group>"; };
		2EA617FC23831E9E003F10B7 /* PProfileVM.swift */ = {isa = PBXFileReference; lastKnownFileType = sourcecode.swift; path = PProfileVM.swift; sourceTree = "<group>"; };
		2EA617FE23831EB5003F10B7 /* ProfileVM.swift */ = {isa = PBXFileReference; lastKnownFileType = sourcecode.swift; path = ProfileVM.swift; sourceTree = "<group>"; };
		2EA61801238322D0003F10B7 /* EditProfileVM.swift */ = {isa = PBXFileReference; lastKnownFileType = sourcecode.swift; path = EditProfileVM.swift; sourceTree = "<group>"; };
		2EA61803238322D7003F10B7 /* PEditProfileVM.swift */ = {isa = PBXFileReference; lastKnownFileType = sourcecode.swift; path = PEditProfileVM.swift; sourceTree = "<group>"; };
		2EABB9F2235D1C2D002AD930 /* YourCityEvents.app */ = {isa = PBXFileReference; explicitFileType = wrapper.application; includeInIndex = 0; path = YourCityEvents.app; sourceTree = BUILT_PRODUCTS_DIR; };
		2EABB9F5235D1C2D002AD930 /* AppDelegate.swift */ = {isa = PBXFileReference; lastKnownFileType = sourcecode.swift; path = AppDelegate.swift; sourceTree = "<group>"; };
		2EABB9F7235D1C2D002AD930 /* WelcomeVC.swift */ = {isa = PBXFileReference; lastKnownFileType = sourcecode.swift; path = WelcomeVC.swift; sourceTree = "<group>"; };
		2EABB9FD235D1C2D002AD930 /* YourCityEvents.xcdatamodel */ = {isa = PBXFileReference; lastKnownFileType = wrapper.xcdatamodel; path = YourCityEvents.xcdatamodel; sourceTree = "<group>"; };
		2EABB9FF235D1C2E002AD930 /* Assets.xcassets */ = {isa = PBXFileReference; lastKnownFileType = folder.assetcatalog; path = Assets.xcassets; sourceTree = "<group>"; };
		2EABBA02235D1C2E002AD930 /* Base */ = {isa = PBXFileReference; lastKnownFileType = file.storyboard; name = Base; path = Base.lproj/LaunchScreen.storyboard; sourceTree = "<group>"; };
		2EABBA04235D1C2E002AD930 /* Info.plist */ = {isa = PBXFileReference; lastKnownFileType = text.plist.xml; path = Info.plist; sourceTree = "<group>"; };
		2EAE6CF723808E7100D4B867 /* PFeedCellViewModel.swift */ = {isa = PBXFileReference; lastKnownFileType = sourcecode.swift; path = PFeedCellViewModel.swift; sourceTree = "<group>"; };
		2EAE6CF923808EC700D4B867 /* FeedCellModel.swift */ = {isa = PBXFileReference; lastKnownFileType = sourcecode.swift; path = FeedCellModel.swift; sourceTree = "<group>"; };
		2EAE6CFC2380903200D4B867 /* FeedVM.swift */ = {isa = PBXFileReference; lastKnownFileType = sourcecode.swift; path = FeedVM.swift; sourceTree = "<group>"; };
		2EAE6CFE2380903B00D4B867 /* PFeedVM.swift */ = {isa = PBXFileReference; lastKnownFileType = sourcecode.swift; path = PFeedVM.swift; sourceTree = "<group>"; };
		2EAE6D0123816B5900D4B867 /* ProgressStepView.swift */ = {isa = PBXFileReference; lastKnownFileType = sourcecode.swift; path = ProgressStepView.swift; sourceTree = "<group>"; };
		2EAE6D0323816F1E00D4B867 /* SignUpVC.swift */ = {isa = PBXFileReference; lastKnownFileType = sourcecode.swift; path = SignUpVC.swift; sourceTree = "<group>"; };
		2EAE6D0523816F2A00D4B867 /* SignUpVC.xib */ = {isa = PBXFileReference; lastKnownFileType = file.xib; path = SignUpVC.xib; sourceTree = "<group>"; };
		2EAE6D0A2381709500D4B867 /* PSignUpVM.swift */ = {isa = PBXFileReference; lastKnownFileType = sourcecode.swift; path = PSignUpVM.swift; sourceTree = "<group>"; };
		2EAE6D0C238170B700D4B867 /* SignUpVM.swift */ = {isa = PBXFileReference; lastKnownFileType = sourcecode.swift; path = SignUpVM.swift; sourceTree = "<group>"; };
		2EAE6D17238193CE00D4B867 /* CityCell.swift */ = {isa = PBXFileReference; lastKnownFileType = sourcecode.swift; path = CityCell.swift; sourceTree = "<group>"; };
		2EAE6D19238193D800D4B867 /* CityCell.xib */ = {isa = PBXFileReference; lastKnownFileType = file.xib; path = CityCell.xib; sourceTree = "<group>"; };
		2EAE6D1D23819A4600D4B867 /* PCityCellVM.swift */ = {isa = PBXFileReference; lastKnownFileType = sourcecode.swift; path = PCityCellVM.swift; sourceTree = "<group>"; };
		2EAE6D1F23819A6A00D4B867 /* CityCellVM.swift */ = {isa = PBXFileReference; lastKnownFileType = sourcecode.swift; path = CityCellVM.swift; sourceTree = "<group>"; };
		2EE95BEC2366226C000A5AFB /* FeedVC.swift */ = {isa = PBXFileReference; lastKnownFileType = sourcecode.swift; path = FeedVC.swift; sourceTree = "<group>"; };
		2EE95BEF2366227E000A5AFB /* FeedVC.xib */ = {isa = PBXFileReference; lastKnownFileType = file.xib; path = FeedVC.xib; sourceTree = "<group>"; };
		2EE95BF2236624B9000A5AFB /* FeedCell.xib */ = {isa = PBXFileReference; lastKnownFileType = file.xib; path = FeedCell.xib; sourceTree = "<group>"; };
		2EE95BF4236626AB000A5AFB /* FeedCell.swift */ = {isa = PBXFileReference; lastKnownFileType = sourcecode.swift; path = FeedCell.swift; sourceTree = "<group>"; };
		2EE95BF623662710000A5AFB /* NibLoadable.swift */ = {isa = PBXFileReference; lastKnownFileType = sourcecode.swift; path = NibLoadable.swift; sourceTree = "<group>"; };
		2EE95BF823662739000A5AFB /* BaseTableViewCell.swift */ = {isa = PBXFileReference; lastKnownFileType = sourcecode.swift; path = BaseTableViewCell.swift; sourceTree = "<group>"; };
		2EE95BFA2366275F000A5AFB /* BaseTableHeaderFooterView.swift */ = {isa = PBXFileReference; lastKnownFileType = sourcecode.swift; path = BaseTableHeaderFooterView.swift; sourceTree = "<group>"; };
		2EE95BFC23662773000A5AFB /* ReusableView.swift */ = {isa = PBXFileReference; lastKnownFileType = sourcecode.swift; path = ReusableView.swift; sourceTree = "<group>"; };
		2EE95C0023662D55000A5AFB /* ProfileVC.swift */ = {isa = PBXFileReference; lastKnownFileType = sourcecode.swift; path = ProfileVC.swift; sourceTree = "<group>"; };
		2EE95C0223662D75000A5AFB /* ProfileVC.xib */ = {isa = PBXFileReference; lastKnownFileType = file.xib; path = ProfileVC.xib; sourceTree = "<group>"; };
		7D4AEA9D078788CC45309EC5 /* Pods-YourCityEvents.release.xcconfig */ = {isa = PBXFileReference; includeInIndex = 1; lastKnownFileType = text.xcconfig; name = "Pods-YourCityEvents.release.xcconfig"; path = "Target Support Files/Pods-YourCityEvents/Pods-YourCityEvents.release.xcconfig"; sourceTree = "<group>"; };
		9FF27AE93345322FDFDCFE28 /* Pods_YourCityEvents.framework */ = {isa = PBXFileReference; explicitFileType = wrapper.framework; includeInIndex = 0; path = Pods_YourCityEvents.framework; sourceTree = BUILT_PRODUCTS_DIR; };
		B660E4D5BB86282DF3DD1C69 /* Pods-YourCityEvents.debug.xcconfig */ = {isa = PBXFileReference; includeInIndex = 1; lastKnownFileType = text.xcconfig; name = "Pods-YourCityEvents.debug.xcconfig"; path = "Target Support Files/Pods-YourCityEvents/Pods-YourCityEvents.debug.xcconfig"; sourceTree = "<group>"; };
/* End PBXFileReference section */

/* Begin PBXFrameworksBuildPhase section */
		2EABB9EF235D1C2D002AD930 /* Frameworks */ = {
			isa = PBXFrameworksBuildPhase;
			buildActionMask = 2147483647;
			files = (
				130AA054E103A085B59F50E6 /* Pods_YourCityEvents.framework in Frameworks */,
			);
			runOnlyForDeploymentPostprocessing = 0;
		};
/* End PBXFrameworksBuildPhase section */

/* Begin PBXGroup section */
		2E014E1A23832BD100B3AABD /* Cells */ = {
			isa = PBXGroup;
			children = (
				2E014E1B23832BD700B3AABD /* AvatarCell */,
				2E014E26238330C800B3AABD /* EditCell */,
			);
			path = Cells;
			sourceTree = "<group>";
		};
		2E014E1B23832BD700B3AABD /* AvatarCell */ = {
			isa = PBXGroup;
			children = (
				2E014E1C23832BDF00B3AABD /* View */,
				2E014E2123832CBB00B3AABD /* ViewModel */,
			);
			path = AvatarCell;
			sourceTree = "<group>";
		};
		2E014E1C23832BDF00B3AABD /* View */ = {
			isa = PBXGroup;
			children = (
				2E014E1623832BC300B3AABD /* AvatarCell.xib */,
				2E014E1823832BCD00B3AABD /* AvatarCell.swift */,
			);
			path = View;
			sourceTree = "<group>";
		};
		2E014E2123832CBB00B3AABD /* ViewModel */ = {
			isa = PBXGroup;
			children = (
				2E014E1D23832C9F00B3AABD /* PAvatarCellVM.swift */,
				2E014E1F23832CB700B3AABD /* AvatarCellVM.swift */,
			);
			path = ViewModel;
			sourceTree = "<group>";
		};
		2E014E26238330C800B3AABD /* EditCell */ = {
			isa = PBXGroup;
			children = (
				2E014E27238330D000B3AABD /* View */,
				2E014E2C2383318100B3AABD /* ViewModel */,
			);
			path = EditCell;
			sourceTree = "<group>";
		};
		2E014E27238330D000B3AABD /* View */ = {
			isa = PBXGroup;
			children = (
				2E014E22238330B000B3AABD /* EditProfileCell.swift */,
				2E014E24238330C400B3AABD /* EditProfileCell.xib */,
			);
			path = View;
			sourceTree = "<group>";
		};
		2E014E2C2383318100B3AABD /* ViewModel */ = {
			isa = PBXGroup;
			children = (
				2E014E282383317400B3AABD /* PEditProfileCellVM.swift */,
				2E014E2A2383317D00B3AABD /* EditProfileCellVM.swift */,
			);
			path = ViewModel;
			sourceTree = "<group>";
		};
		2E014E3123833BD200B3AABD /* ChangeProfile */ = {
			isa = PBXGroup;
			children = (
				2E014E3223833BF200B3AABD /* View */,
				2E014E3723833E0200B3AABD /* ViewModel */,
			);
			path = ChangeProfile;
			sourceTree = "<group>";
		};
		2E014E3223833BF200B3AABD /* View */ = {
			isa = PBXGroup;
			children = (
				2E014E2D23833BAD00B3AABD /* ChangeProfileVC.swift */,
				2E014E2F23833BCE00B3AABD /* ChangeProfileVC.xib */,
			);
			path = View;
			sourceTree = "<group>";
		};
		2E014E3723833E0200B3AABD /* ViewModel */ = {
			isa = PBXGroup;
			children = (
				2E014E3323833DF600B3AABD /* PChangeProfileVM.swift */,
				2E014E3523833DFD00B3AABD /* ChangeProfileVM.swift */,
			);
			path = ViewModel;
			sourceTree = "<group>";
		};
		2E0378CE2361FE92000BA973 /* Modules */ = {
			isa = PBXGroup;
			children = (
				2E0378CF2361FEA1000BA973 /* Welcome */,
				2E0378DF23620336000BA973 /* Login */,
				2E0378E4236205D9000BA973 /* SignUp */,
				2E0378E723620A58000BA973 /* MainTabController */,
				2EE95BEE23662272000A5AFB /* Feed */,
				2EE95C0423662D7A000A5AFB /* Profile */,
				2EA617FA23831E74003F10B7 /* EditProfile */,
				2E014E3123833BD200B3AABD /* ChangeProfile */,
			);
			path = Modules;
			sourceTree = "<group>";
		};
		2E0378CF2361FEA1000BA973 /* Welcome */ = {
			isa = PBXGroup;
			children = (
				2E66CC9E237EE6D200A74F45 /* View */,
				2E66CCAC237EFD1500A74F45 /* ViewModel */,
			);
			path = Welcome;
			sourceTree = "<group>";
		};
		2E0378D02361FECF000BA973 /* Resources */ = {
			isa = PBXGroup;
			children = (
				2E0378D42361FF84000BA973 /* Fonts */,
				2EABB9FF235D1C2E002AD930 /* Assets.xcassets */,
				2E0378D923620223000BA973 /* Color.swift */,
			);
			path = Resources;
			sourceTree = "<group>";
		};
		2E0378D12361FEDC000BA973 /* SupportingFiles */ = {
			isa = PBXGroup;
			children = (
				2EABB9F5235D1C2D002AD930 /* AppDelegate.swift */,
				2E1DA3AC237DA09C00B5F73B /* Config.swift */,
				2EABBA04235D1C2E002AD930 /* Info.plist */,
			);
			path = SupportingFiles;
			sourceTree = "<group>";
		};
		2E0378D42361FF84000BA973 /* Fonts */ = {
			isa = PBXGroup;
			children = (
				2E0378D52361FF84000BA973 /* Roboto-Medium.ttf */,
			);
			path = Fonts;
			sourceTree = "<group>";
		};
		2E0378D8236201F5000BA973 /* View */ = {
			isa = PBXGroup;
			children = (
				2E0378D6236201F0000BA973 /* Button.swift */,
				2EE95BFE2366277C000A5AFB /* Base */,
				2E1DA3A0237D9D4B00B5F73B /* ShadowView.swift */,
				2E66CC83237ECCFA00A74F45 /* XibView.swift */,
				2E66CC94237EE20E00A74F45 /* InputView */,
				2EAE6D0123816B5900D4B867 /* ProgressStepView.swift */,
			);
			path = View;
			sourceTree = "<group>";
		};
		2E0378DF23620336000BA973 /* Login */ = {
			isa = PBXGroup;
			children = (
				2E66CC95237EE39200A74F45 /* View */,
				2E66CC9D237EE48900A74F45 /* ViewModel */,
			);
			path = Login;
			sourceTree = "<group>";
		};
		2E0378E4236205D9000BA973 /* SignUp */ = {
			isa = PBXGroup;
			children = (
				2EAE6D0923816F4400D4B867 /* View */,
				2EAE6D0E238170BB00D4B867 /* ViewModel */,
				2EAE6D1B238193E600D4B867 /* Cells */,
			);
			path = SignUp;
			sourceTree = "<group>";
		};
		2E0378E723620A58000BA973 /* MainTabController */ = {
			isa = PBXGroup;
			children = (
				2E0378E5236209A8000BA973 /* MainTabController.swift */,
			);
			path = MainTabController;
			sourceTree = "<group>";
		};
		2E0378EA23620D18000BA973 /* Extensions */ = {
			isa = PBXGroup;
			children = (
				2E0378E823620D14000BA973 /* UIImageView+Extensions.swift */,
				2E1DA3A2237D9FA200B5F73B /* UIFont+Extensions.swift */,
				2E66CC92237ED25300A74F45 /* UIView+Extensions.swift */,
				2E66CCBC2380293300A74F45 /* UIViewController+Extension.swift */,
			);
			path = Extensions;
			sourceTree = "<group>";
		};
		2E1DA3A6237DA02E00B5F73B /* Networking */ = {
			isa = PBXGroup;
			children = (
				2E1DA3A4237DA02400B5F73B /* Networking.swift */,
				2E1DA3A7237DA04A00B5F73B /* APIFacade.swift */,
				2E1DA3AB237DA07D00B5F73B /* CodableModels */,
			);
			path = Networking;
			sourceTree = "<group>";
		};
		2E1DA3AB237DA07D00B5F73B /* CodableModels */ = {
			isa = PBXGroup;
			children = (
				2E1DA3A9237DA07500B5F73B /* Response.swift */,
				2E66CCB8238015C500A74F45 /* AuthModels.swift */,
				2E66CCBA2380163D00A74F45 /* CityModel.swift */,
			);
			path = CodableModels;
			sourceTree = "<group>";
		};
		2E1DA3AE237DA0F200B5F73B /* Model */ = {
			isa = PBXGroup;
			children = (
				2E66CCB7237F635300A74F45 /* User */,
				2E1DA3A6237DA02E00B5F73B /* Networking */,
			);
			path = Model;
			sourceTree = "<group>";
		};
		2E66CC82237ECC7C00A74F45 /* Storage */ = {
			isa = PBXGroup;
			children = (
				2EABB9FC235D1C2D002AD930 /* YourCityEvents.xcdatamodeld */,
			);
			path = Storage;
			sourceTree = "<group>";
		};
		2E66CC89237ECD7500A74F45 /* Validators */ = {
			isa = PBXGroup;
			children = (
				2E66CC87237ECD5900A74F45 /* PValidator.swift */,
				2E66CC8A237ECD7F00A74F45 /* EmailValidator.swift */,
				2E66CC8C237ECD9400A74F45 /* PasswordValidator.swift */,
				2E66CC8E237ECDA700A74F45 /* CommonValidator.swift */,
			);
			path = Validators;
			sourceTree = "<group>";
		};
		2E66CC94237EE20E00A74F45 /* InputView */ = {
			isa = PBXGroup;
			children = (
				2E66CC85237ECD3300A74F45 /* InputView.swift */,
				2E66CC90237ECEA200A74F45 /* InputView.xib */,
			);
			path = InputView;
			sourceTree = "<group>";
		};
		2E66CC95237EE39200A74F45 /* View */ = {
			isa = PBXGroup;
			children = (
				2E0378DB23620328000BA973 /* LoginVC.swift */,
				2E0378DD23620332000BA973 /* LoginVC.xib */,
			);
			path = View;
			sourceTree = "<group>";
		};
		2E66CC9C237EE45B00A74F45 /* Common */ = {
			isa = PBXGroup;
			children = (
				2E66CCB6237F5D5800A74F45 /* TableView */,
				2E66CC9A237EE41C00A74F45 /* ViewController.swift */,
				2E014E382383441400B3AABD /* ImagePicker.swift */,
			);
			path = Common;
			sourceTree = "<group>";
		};
		2E66CC9D237EE48900A74F45 /* ViewModel */ = {
			isa = PBXGroup;
			children = (
				2E66CC96237EE3A200A74F45 /* PLoginVM.swift */,
				2E66CC98237EE3BD00A74F45 /* LoginVM.swift */,
			);
			path = ViewModel;
			sourceTree = "<group>";
		};
		2E66CC9E237EE6D200A74F45 /* View */ = {
			isa = PBXGroup;
			children = (
				2EABB9F7235D1C2D002AD930 /* WelcomeVC.swift */,
				2E0378CC2361FE7E000BA973 /* WelcomeVC.xib */,
			);
			path = View;
			sourceTree = "<group>";
		};
		2E66CCA7237EEAEC00A74F45 /* Router */ = {
			isa = PBXGroup;
			children = (
				2E66CCA5237EEA2000A74F45 /* Router.swift */,
			);
			path = Router;
			sourceTree = "<group>";
		};
		2E66CCAC237EFD1500A74F45 /* ViewModel */ = {
			isa = PBXGroup;
			children = (
				2E66CCA8237EEE5800A74F45 /* PWelcomeVM.swift */,
				2E66CCAA237EEE8900A74F45 /* WelcomeVM.swift */,
			);
			path = ViewModel;
			sourceTree = "<group>";
		};
		2E66CCAD237F5CC800A74F45 /* View */ = {
			isa = PBXGroup;
			children = (
				2EE95BF2236624B9000A5AFB /* FeedCell.xib */,
				2EE95BF4236626AB000A5AFB /* FeedCell.swift */,
			);
			path = View;
			sourceTree = "<group>";
		};
		2E66CCB6237F5D5800A74F45 /* TableView */ = {
			isa = PBXGroup;
			children = (
				2E66CCAE237F5CF100A74F45 /* TableViewController.swift */,
				2E66CCB0237F5D1100A74F45 /* PTableViewCellModel.swift */,
				2E66CCB2237F5D3300A74F45 /* TableViewCell.swift */,
				2E66CCB4237F5D4C00A74F45 /* PTableViewModel.swift */,
			);
			path = TableView;
			sourceTree = "<group>";
		};
		2E66CCB7237F635300A74F45 /* User */ = {
			isa = PBXGroup;
			children = (
				2E1DA3AF237DA10400B5F73B /* User.swift */,
			);
			path = User;
			sourceTree = "<group>";
		};
		2EA617FA23831E74003F10B7 /* EditProfile */ = {
			isa = PBXGroup;
			children = (
				2EA617FB23831E7E003F10B7 /* View */,
				2EA61805238322DB003F10B7 /* ViewModel */,
				2E014E1A23832BD100B3AABD /* Cells */,
			);
			path = EditProfile;
			sourceTree = "<group>";
		};
		2EA617FB23831E7E003F10B7 /* View */ = {
			isa = PBXGroup;
			children = (
				2EA617F623831E33003F10B7 /* EditProfileVC.swift */,
				2EA617F823831E6F003F10B7 /* EditProfileVC.xib */,
			);
			path = View;
			sourceTree = "<group>";
		};
		2EA6180023831EDB003F10B7 /* ViewModel */ = {
			isa = PBXGroup;
			children = (
				2EA617FC23831E9E003F10B7 /* PProfileVM.swift */,
				2EA617FE23831EB5003F10B7 /* ProfileVM.swift */,
			);
			path = ViewModel;
			sourceTree = "<group>";
		};
		2EA61805238322DB003F10B7 /* ViewModel */ = {
			isa = PBXGroup;
			children = (
				2EA61801238322D0003F10B7 /* EditProfileVM.swift */,
				2EA61803238322D7003F10B7 /* PEditProfileVM.swift */,
			);
			path = ViewModel;
			sourceTree = "<group>";
		};
		2EABB9E9235D1C2D002AD930 = {
			isa = PBXGroup;
			children = (
				2EABB9F4235D1C2D002AD930 /* YourCityEvents */,
				2EABB9F3235D1C2D002AD930 /* Products */,
				76DD3097890DF57D8373C075 /* Pods */,
				91BD227F15399B6BFF71C373 /* Frameworks */,
			);
			sourceTree = "<group>";
		};
		2EABB9F3235D1C2D002AD930 /* Products */ = {
			isa = PBXGroup;
			children = (
				2EABB9F2235D1C2D002AD930 /* YourCityEvents.app */,
			);
			name = Products;
			sourceTree = "<group>";
		};
		2EABB9F4235D1C2D002AD930 /* YourCityEvents */ = {
			isa = PBXGroup;
			children = (
				2EABBA01235D1C2E002AD930 /* LaunchScreen.storyboard */,
				2E0378D8236201F5000BA973 /* View */,
				2E66CCA7237EEAEC00A74F45 /* Router */,
				2E0378CE2361FE92000BA973 /* Modules */,
				2E1DA3AE237DA0F200B5F73B /* Model */,
				2E66CC82237ECC7C00A74F45 /* Storage */,
				2E0378EA23620D18000BA973 /* Extensions */,
				2E66CC89237ECD7500A74F45 /* Validators */,
				2E66CC9C237EE45B00A74F45 /* Common */,
				2E0378D12361FEDC000BA973 /* SupportingFiles */,
				2E0378D02361FECF000BA973 /* Resources */,
			);
			path = YourCityEvents;
			sourceTree = "<group>";
		};
		2EAE6CFB23808FB000D4B867 /* ViewModel */ = {
			isa = PBXGroup;
			children = (
				2EAE6CF723808E7100D4B867 /* PFeedCellViewModel.swift */,
				2EAE6CF923808EC700D4B867 /* FeedCellModel.swift */,
			);
			path = ViewModel;
			sourceTree = "<group>";
		};
		2EAE6D002380903E00D4B867 /* ViewModel */ = {
			isa = PBXGroup;
			children = (
				2EAE6CFC2380903200D4B867 /* FeedVM.swift */,
				2EAE6CFE2380903B00D4B867 /* PFeedVM.swift */,
			);
			path = ViewModel;
			sourceTree = "<group>";
		};
		2EAE6D0923816F4400D4B867 /* View */ = {
			isa = PBXGroup;
			children = (
				2EAE6D0323816F1E00D4B867 /* SignUpVC.swift */,
				2EAE6D0523816F2A00D4B867 /* SignUpVC.xib */,
			);
			path = View;
			sourceTree = "<group>";
		};
		2EAE6D0E238170BB00D4B867 /* ViewModel */ = {
			isa = PBXGroup;
			children = (
				2EAE6D0A2381709500D4B867 /* PSignUpVM.swift */,
				2EAE6D0C238170B700D4B867 /* SignUpVM.swift */,
			);
			path = ViewModel;
			sourceTree = "<group>";
		};
		2EAE6D1B238193E600D4B867 /* Cells */ = {
			isa = PBXGroup;
			children = (
				2EAE6D1C238193EC00D4B867 /* View */,
				2EAE6D2123819D6A00D4B867 /* VIewModel */,
			);
			path = Cells;
			sourceTree = "<group>";
		};
		2EAE6D1C238193EC00D4B867 /* View */ = {
			isa = PBXGroup;
			children = (
				2EAE6D17238193CE00D4B867 /* CityCell.swift */,
				2EAE6D19238193D800D4B867 /* CityCell.xib */,
			);
			path = View;
			sourceTree = "<group>";
		};
		2EAE6D2123819D6A00D4B867 /* VIewModel */ = {
			isa = PBXGroup;
			children = (
				2EAE6D1D23819A4600D4B867 /* PCityCellVM.swift */,
				2EAE6D1F23819A6A00D4B867 /* CityCellVM.swift */,
			);
			path = VIewModel;
			sourceTree = "<group>";
		};
		2EE95BEE23662272000A5AFB /* Feed */ = {
			isa = PBXGroup;
			children = (
				2EE95BF1236624A7000A5AFB /* View */,
				2EAE6D002380903E00D4B867 /* ViewModel */,
				2EE95BFF236627F3000A5AFB /* Cell */,
			);
			path = Feed;
			sourceTree = "<group>";
		};
		2EE95BF1236624A7000A5AFB /* View */ = {
			isa = PBXGroup;
			children = (
				2EE95BEC2366226C000A5AFB /* FeedVC.swift */,
				2EE95BEF2366227E000A5AFB /* FeedVC.xib */,
			);
			path = View;
			sourceTree = "<group>";
		};
		2EE95BFE2366277C000A5AFB /* Base */ = {
			isa = PBXGroup;
			children = (
				2EE95BF623662710000A5AFB /* NibLoadable.swift */,
				2EE95BF823662739000A5AFB /* BaseTableViewCell.swift */,
				2EE95BFC23662773000A5AFB /* ReusableView.swift */,
				2EE95BFA2366275F000A5AFB /* BaseTableHeaderFooterView.swift */,
			);
			path = Base;
			sourceTree = "<group>";
		};
		2EE95BFF236627F3000A5AFB /* Cell */ = {
			isa = PBXGroup;
			children = (
				2E66CCAD237F5CC800A74F45 /* View */,
				2EAE6CFB23808FB000D4B867 /* ViewModel */,
			);
			path = Cell;
			sourceTree = "<group>";
		};
		2EE95C0423662D7A000A5AFB /* Profile */ = {
			isa = PBXGroup;
			children = (
				2EE95C0523662D80000A5AFB /* View */,
				2EA6180023831EDB003F10B7 /* ViewModel */,
			);
			path = Profile;
			sourceTree = "<group>";
		};
		2EE95C0523662D80000A5AFB /* View */ = {
			isa = PBXGroup;
			children = (
				2EE95C0023662D55000A5AFB /* ProfileVC.swift */,
				2EE95C0223662D75000A5AFB /* ProfileVC.xib */,
			);
			path = View;
			sourceTree = "<group>";
		};
		76DD3097890DF57D8373C075 /* Pods */ = {
			isa = PBXGroup;
			children = (
				B660E4D5BB86282DF3DD1C69 /* Pods-YourCityEvents.debug.xcconfig */,
				7D4AEA9D078788CC45309EC5 /* Pods-YourCityEvents.release.xcconfig */,
			);
			path = Pods;
			sourceTree = "<group>";
		};
		91BD227F15399B6BFF71C373 /* Frameworks */ = {
			isa = PBXGroup;
			children = (
				9FF27AE93345322FDFDCFE28 /* Pods_YourCityEvents.framework */,
			);
			name = Frameworks;
			sourceTree = "<group>";
		};
/* End PBXGroup section */

/* Begin PBXNativeTarget section */
		2EABB9F1235D1C2D002AD930 /* YourCityEvents */ = {
			isa = PBXNativeTarget;
			buildConfigurationList = 2EABBA07235D1C2E002AD930 /* Build configuration list for PBXNativeTarget "YourCityEvents" */;
			buildPhases = (
				E860A6F6EE3231A5BD80B111 /* [CP] Check Pods Manifest.lock */,
				2EABB9EE235D1C2D002AD930 /* Sources */,
				2EABB9EF235D1C2D002AD930 /* Frameworks */,
				2EABB9F0235D1C2D002AD930 /* Resources */,
				3F47E5239E1F168723BECD64 /* [CP] Embed Pods Frameworks */,
			);
			buildRules = (
			);
			dependencies = (
			);
			name = YourCityEvents;
			productName = YourCityEvents;
			productReference = 2EABB9F2235D1C2D002AD930 /* YourCityEvents.app */;
			productType = "com.apple.product-type.application";
		};
/* End PBXNativeTarget section */

/* Begin PBXProject section */
		2EABB9EA235D1C2D002AD930 /* Project object */ = {
			isa = PBXProject;
			attributes = {
				LastSwiftUpdateCheck = 1030;
				LastUpgradeCheck = 1030;
				ORGANIZATIONNAME = "Yaroslav Zarechnyy";
				TargetAttributes = {
					2EABB9F1235D1C2D002AD930 = {
						CreatedOnToolsVersion = 10.3;
					};
				};
			};
			buildConfigurationList = 2EABB9ED235D1C2D002AD930 /* Build configuration list for PBXProject "YourCityEvents" */;
			compatibilityVersion = "Xcode 9.3";
			developmentRegion = en;
			hasScannedForEncodings = 0;
			knownRegions = (
				en,
				Base,
			);
			mainGroup = 2EABB9E9235D1C2D002AD930;
			productRefGroup = 2EABB9F3235D1C2D002AD930 /* Products */;
			projectDirPath = "";
			projectRoot = "";
			targets = (
				2EABB9F1235D1C2D002AD930 /* YourCityEvents */,
			);
		};
/* End PBXProject section */

/* Begin PBXResourcesBuildPhase section */
		2EABB9F0235D1C2D002AD930 /* Resources */ = {
			isa = PBXResourcesBuildPhase;
			buildActionMask = 2147483647;
			files = (
				2EE95C0323662D75000A5AFB /* ProfileVC.xib in Resources */,
				2EABBA03235D1C2E002AD930 /* LaunchScreen.storyboard in Resources */,
				2E0378CD2361FE7E000BA973 /* WelcomeVC.xib in Resources */,
				2EAE6D1A238193D800D4B867 /* CityCell.xib in Resources */,
				2E0378DE23620332000BA973 /* LoginVC.xib in Resources */,
				2EA617F923831E6F003F10B7 /* EditProfileVC.xib in Resources */,
				2EE95BF02366227E000A5AFB /* FeedVC.xib in Resources */,
				2EAE6D0623816F2A00D4B867 /* SignUpVC.xib in Resources */,
				2E014E3023833BCE00B3AABD /* ChangeProfileVC.xib in Resources */,
				2EE95BF3236624B9000A5AFB /* FeedCell.xib in Resources */,
				2E014E25238330C400B3AABD /* EditProfileCell.xib in Resources */,
				2EABBA00235D1C2E002AD930 /* Assets.xcassets in Resources */,
				2E014E1723832BC300B3AABD /* AvatarCell.xib in Resources */,
				2E66CC91237ECEA200A74F45 /* InputView.xib in Resources */,
			);
			runOnlyForDeploymentPostprocessing = 0;
		};
/* End PBXResourcesBuildPhase section */

/* Begin PBXShellScriptBuildPhase section */
		3F47E5239E1F168723BECD64 /* [CP] Embed Pods Frameworks */ = {
			isa = PBXShellScriptBuildPhase;
			buildActionMask = 2147483647;
			files = (
			);
			inputFileListPaths = (
				"${PODS_ROOT}/Target Support Files/Pods-YourCityEvents/Pods-YourCityEvents-frameworks-${CONFIGURATION}-input-files.xcfilelist",
			);
			name = "[CP] Embed Pods Frameworks";
			outputFileListPaths = (
				"${PODS_ROOT}/Target Support Files/Pods-YourCityEvents/Pods-YourCityEvents-frameworks-${CONFIGURATION}-output-files.xcfilelist",
			);
			runOnlyForDeploymentPostprocessing = 0;
			shellPath = /bin/sh;
			shellScript = "\"${PODS_ROOT}/Target Support Files/Pods-YourCityEvents/Pods-YourCityEvents-frameworks.sh\"\n";
			showEnvVarsInLog = 0;
		};
		E860A6F6EE3231A5BD80B111 /* [CP] Check Pods Manifest.lock */ = {
			isa = PBXShellScriptBuildPhase;
			buildActionMask = 2147483647;
			files = (
			);
			inputFileListPaths = (
			);
			inputPaths = (
				"${PODS_PODFILE_DIR_PATH}/Podfile.lock",
				"${PODS_ROOT}/Manifest.lock",
			);
			name = "[CP] Check Pods Manifest.lock";
			outputFileListPaths = (
			);
			outputPaths = (
				"$(DERIVED_FILE_DIR)/Pods-YourCityEvents-checkManifestLockResult.txt",
			);
			runOnlyForDeploymentPostprocessing = 0;
			shellPath = /bin/sh;
			shellScript = "diff \"${PODS_PODFILE_DIR_PATH}/Podfile.lock\" \"${PODS_ROOT}/Manifest.lock\" > /dev/null\nif [ $? != 0 ] ; then\n    # print error to STDERR\n    echo \"error: The sandbox is not in sync with the Podfile.lock. Run 'pod install' or update your CocoaPods installation.\" >&2\n    exit 1\nfi\n# This output is used by Xcode 'outputs' to avoid re-running this script phase.\necho \"SUCCESS\" > \"${SCRIPT_OUTPUT_FILE_0}\"\n";
			showEnvVarsInLog = 0;
		};
/* End PBXShellScriptBuildPhase section */

/* Begin PBXSourcesBuildPhase section */
		2EABB9EE235D1C2D002AD930 /* Sources */ = {
			isa = PBXSourcesBuildPhase;
			buildActionMask = 2147483647;
			files = (
				2E66CCAB237EEE8900A74F45 /* WelcomeVM.swift in Sources */,
				2E014E392383441400B3AABD /* ImagePicker.swift in Sources */,
				2E66CC8B237ECD7F00A74F45 /* EmailValidator.swift in Sources */,
				2E66CCAF237F5CF100A74F45 /* TableViewController.swift in Sources */,
				2EABB9FE235D1C2D002AD930 /* YourCityEvents.xcdatamodeld in Sources */,
				2EAE6D0D238170B700D4B867 /* SignUpVM.swift in Sources */,
				2EE95BED2366226C000A5AFB /* FeedVC.swift in Sources */,
				2E66CC84237ECCFA00A74F45 /* XibView.swift in Sources */,
				2E66CC8F237ECDA700A74F45 /* CommonValidator.swift in Sources */,
				2E0378E6236209A8000BA973 /* MainTabController.swift in Sources */,
				2EA61804238322D7003F10B7 /* PEditProfileVM.swift in Sources */,
				2E66CCA6237EEA2000A74F45 /* Router.swift in Sources */,
				2EE95C0123662D55000A5AFB /* ProfileVC.swift in Sources */,
				2EE95BFB2366275F000A5AFB /* BaseTableHeaderFooterView.swift in Sources */,
				2E66CCA9237EEE5800A74F45 /* PWelcomeVM.swift in Sources */,
				2E66CC88237ECD5900A74F45 /* PValidator.swift in Sources */,
				2EAE6D2023819A6A00D4B867 /* CityCellVM.swift in Sources */,
				2EAE6CFD2380903200D4B867 /* FeedVM.swift in Sources */,
				2E1DA3A1237D9D4B00B5F73B /* ShadowView.swift in Sources */,
				2EE95BF5236626AB000A5AFB /* FeedCell.swift in Sources */,
				2EA61802238322D0003F10B7 /* EditProfileVM.swift in Sources */,
				2E014E2B2383317D00B3AABD /* EditProfileCellVM.swift in Sources */,
				2E1DA3A3237D9FA200B5F73B /* UIFont+Extensions.swift in Sources */,
				2EE95BFD23662773000A5AFB /* ReusableView.swift in Sources */,
				2E1DA3A5237DA02400B5F73B /* Networking.swift in Sources */,
				2E014E2023832CB700B3AABD /* AvatarCellVM.swift in Sources */,
				2EAE6CF823808E7100D4B867 /* PFeedCellViewModel.swift in Sources */,
				2E014E3623833DFD00B3AABD /* ChangeProfileVM.swift in Sources */,
				2EA617F723831E33003F10B7 /* EditProfileVC.swift in Sources */,
				2E66CC86237ECD3300A74F45 /* InputView.swift in Sources */,
				2E66CC8D237ECD9400A74F45 /* PasswordValidator.swift in Sources */,
				2EAE6CFF2380903B00D4B867 /* PFeedVM.swift in Sources */,
				2E0378E923620D14000BA973 /* UIImageView+Extensions.swift in Sources */,
				2E1DA3A8237DA04A00B5F73B /* APIFacade.swift in Sources */,
				2E66CCB9238015C500A74F45 /* AuthModels.swift in Sources */,
				2EABB9F8235D1C2D002AD930 /* WelcomeVC.swift in Sources */,
				2E66CC97237EE3A200A74F45 /* PLoginVM.swift in Sources */,
				2E0378DC23620328000BA973 /* LoginVC.swift in Sources */,
				2E66CCBD2380293300A74F45 /* UIViewController+Extension.swift in Sources */,
				2E66CC99237EE3BD00A74F45 /* LoginVM.swift in Sources */,
				2E014E292383317400B3AABD /* PEditProfileCellVM.swift in Sources */,
				2EABB9F6235D1C2D002AD930 /* AppDelegate.swift in Sources */,
				2EE95BF723662710000A5AFB /* NibLoadable.swift in Sources */,
				2E014E2E23833BAD00B3AABD /* ChangeProfileVC.swift in Sources */,
				2E66CC9B237EE41C00A74F45 /* ViewController.swift in Sources */,
				2E66CCB3237F5D3300A74F45 /* TableViewCell.swift in Sources */,
				2EAE6CFA23808EC700D4B867 /* FeedCellModel.swift in Sources */,
				2E66CCBB2380163D00A74F45 /* CityModel.swift in Sources */,
				2E1DA3AD237DA09C00B5F73B /* Config.swift in Sources */,
				2EA617FD23831E9E003F10B7 /* PProfileVM.swift in Sources */,
				2E014E1923832BCD00B3AABD /* AvatarCell.swift in Sources */,
				2E1DA3AA237DA07500B5F73B /* Response.swift in Sources */,
				2EAE6D0223816B5900D4B867 /* ProgressStepView.swift in Sources */,
				2EAE6D18238193CE00D4B867 /* CityCell.swift in Sources */,
				2E1DA3B0237DA10400B5F73B /* User.swift in Sources */,
				2E66CCB5237F5D4C00A74F45 /* PTableViewModel.swift in Sources */,
				2EAE6D1E23819A4600D4B867 /* PCityCellVM.swift in Sources */,
				2E66CCB1237F5D1100A74F45 /* PTableViewCellModel.swift in Sources */,
				2E0378DA23620223000BA973 /* Color.swift in Sources */,
				2E66CC93237ED25300A74F45 /* UIView+Extensions.swift in Sources */,
				2EAE6D0423816F1E00D4B867 /* SignUpVC.swift in Sources */,
				2EAE6D0B2381709500D4B867 /* PSignUpVM.swift in Sources */,
				2E014E23238330B000B3AABD /* EditProfileCell.swift in Sources */,
				2E014E1E23832C9F00B3AABD /* PAvatarCellVM.swift in Sources */,
				2EE95BF923662739000A5AFB /* BaseTableViewCell.swift in Sources */,
				2EA617FF23831EB5003F10B7 /* ProfileVM.swift in Sources */,
				2E0378D7236201F0000BA973 /* Button.swift in Sources */,
				2E014E3423833DF600B3AABD /* PChangeProfileVM.swift in Sources */,
			);
			runOnlyForDeploymentPostprocessing = 0;
		};
/* End PBXSourcesBuildPhase section */

/* Begin PBXVariantGroup section */
		2EABBA01235D1C2E002AD930 /* LaunchScreen.storyboard */ = {
			isa = PBXVariantGroup;
			children = (
				2EABBA02235D1C2E002AD930 /* Base */,
			);
			name = LaunchScreen.storyboard;
			sourceTree = "<group>";
		};
/* End PBXVariantGroup section */

/* Begin XCBuildConfiguration section */
		2EABBA05235D1C2E002AD930 /* Debug */ = {
			isa = XCBuildConfiguration;
			buildSettings = {
				ALWAYS_SEARCH_USER_PATHS = NO;
				CLANG_ANALYZER_NONNULL = YES;
				CLANG_ANALYZER_NUMBER_OBJECT_CONVERSION = YES_AGGRESSIVE;
				CLANG_CXX_LANGUAGE_STANDARD = "gnu++14";
				CLANG_CXX_LIBRARY = "libc++";
				CLANG_ENABLE_MODULES = YES;
				CLANG_ENABLE_OBJC_ARC = YES;
				CLANG_ENABLE_OBJC_WEAK = YES;
				CLANG_WARN_BLOCK_CAPTURE_AUTORELEASING = YES;
				CLANG_WARN_BOOL_CONVERSION = YES;
				CLANG_WARN_COMMA = YES;
				CLANG_WARN_CONSTANT_CONVERSION = YES;
				CLANG_WARN_DEPRECATED_OBJC_IMPLEMENTATIONS = YES;
				CLANG_WARN_DIRECT_OBJC_ISA_USAGE = YES_ERROR;
				CLANG_WARN_DOCUMENTATION_COMMENTS = YES;
				CLANG_WARN_EMPTY_BODY = YES;
				CLANG_WARN_ENUM_CONVERSION = YES;
				CLANG_WARN_INFINITE_RECURSION = YES;
				CLANG_WARN_INT_CONVERSION = YES;
				CLANG_WARN_NON_LITERAL_NULL_CONVERSION = YES;
				CLANG_WARN_OBJC_IMPLICIT_RETAIN_SELF = YES;
				CLANG_WARN_OBJC_LITERAL_CONVERSION = YES;
				CLANG_WARN_OBJC_ROOT_CLASS = YES_ERROR;
				CLANG_WARN_RANGE_LOOP_ANALYSIS = YES;
				CLANG_WARN_STRICT_PROTOTYPES = YES;
				CLANG_WARN_SUSPICIOUS_MOVE = YES;
				CLANG_WARN_UNGUARDED_AVAILABILITY = YES_AGGRESSIVE;
				CLANG_WARN_UNREACHABLE_CODE = YES;
				CLANG_WARN__DUPLICATE_METHOD_MATCH = YES;
				CODE_SIGN_IDENTITY = "iPhone Developer";
				COPY_PHASE_STRIP = NO;
				DEBUG_INFORMATION_FORMAT = dwarf;
				ENABLE_STRICT_OBJC_MSGSEND = YES;
				ENABLE_TESTABILITY = YES;
				GCC_C_LANGUAGE_STANDARD = gnu11;
				GCC_DYNAMIC_NO_PIC = NO;
				GCC_NO_COMMON_BLOCKS = YES;
				GCC_OPTIMIZATION_LEVEL = 0;
				GCC_PREPROCESSOR_DEFINITIONS = (
					"DEBUG=1",
					"$(inherited)",
				);
				GCC_WARN_64_TO_32_BIT_CONVERSION = YES;
				GCC_WARN_ABOUT_RETURN_TYPE = YES_ERROR;
				GCC_WARN_UNDECLARED_SELECTOR = YES;
				GCC_WARN_UNINITIALIZED_AUTOS = YES_AGGRESSIVE;
				GCC_WARN_UNUSED_FUNCTION = YES;
				GCC_WARN_UNUSED_VARIABLE = YES;
				IPHONEOS_DEPLOYMENT_TARGET = 12.4;
				MTL_ENABLE_DEBUG_INFO = INCLUDE_SOURCE;
				MTL_FAST_MATH = YES;
				ONLY_ACTIVE_ARCH = YES;
				SDKROOT = iphoneos;
				SWIFT_ACTIVE_COMPILATION_CONDITIONS = DEBUG;
				SWIFT_OPTIMIZATION_LEVEL = "-Onone";
			};
			name = Debug;
		};
		2EABBA06235D1C2E002AD930 /* Release */ = {
			isa = XCBuildConfiguration;
			buildSettings = {
				ALWAYS_SEARCH_USER_PATHS = NO;
				CLANG_ANALYZER_NONNULL = YES;
				CLANG_ANALYZER_NUMBER_OBJECT_CONVERSION = YES_AGGRESSIVE;
				CLANG_CXX_LANGUAGE_STANDARD = "gnu++14";
				CLANG_CXX_LIBRARY = "libc++";
				CLANG_ENABLE_MODULES = YES;
				CLANG_ENABLE_OBJC_ARC = YES;
				CLANG_ENABLE_OBJC_WEAK = YES;
				CLANG_WARN_BLOCK_CAPTURE_AUTORELEASING = YES;
				CLANG_WARN_BOOL_CONVERSION = YES;
				CLANG_WARN_COMMA = YES;
				CLANG_WARN_CONSTANT_CONVERSION = YES;
				CLANG_WARN_DEPRECATED_OBJC_IMPLEMENTATIONS = YES;
				CLANG_WARN_DIRECT_OBJC_ISA_USAGE = YES_ERROR;
				CLANG_WARN_DOCUMENTATION_COMMENTS = YES;
				CLANG_WARN_EMPTY_BODY = YES;
				CLANG_WARN_ENUM_CONVERSION = YES;
				CLANG_WARN_INFINITE_RECURSION = YES;
				CLANG_WARN_INT_CONVERSION = YES;
				CLANG_WARN_NON_LITERAL_NULL_CONVERSION = YES;
				CLANG_WARN_OBJC_IMPLICIT_RETAIN_SELF = YES;
				CLANG_WARN_OBJC_LITERAL_CONVERSION = YES;
				CLANG_WARN_OBJC_ROOT_CLASS = YES_ERROR;
				CLANG_WARN_RANGE_LOOP_ANALYSIS = YES;
				CLANG_WARN_STRICT_PROTOTYPES = YES;
				CLANG_WARN_SUSPICIOUS_MOVE = YES;
				CLANG_WARN_UNGUARDED_AVAILABILITY = YES_AGGRESSIVE;
				CLANG_WARN_UNREACHABLE_CODE = YES;
				CLANG_WARN__DUPLICATE_METHOD_MATCH = YES;
				CODE_SIGN_IDENTITY = "iPhone Developer";
				COPY_PHASE_STRIP = NO;
				DEBUG_INFORMATION_FORMAT = "dwarf-with-dsym";
				ENABLE_NS_ASSERTIONS = NO;
				ENABLE_STRICT_OBJC_MSGSEND = YES;
				GCC_C_LANGUAGE_STANDARD = gnu11;
				GCC_NO_COMMON_BLOCKS = YES;
				GCC_WARN_64_TO_32_BIT_CONVERSION = YES;
				GCC_WARN_ABOUT_RETURN_TYPE = YES_ERROR;
				GCC_WARN_UNDECLARED_SELECTOR = YES;
				GCC_WARN_UNINITIALIZED_AUTOS = YES_AGGRESSIVE;
				GCC_WARN_UNUSED_FUNCTION = YES;
				GCC_WARN_UNUSED_VARIABLE = YES;
				IPHONEOS_DEPLOYMENT_TARGET = 12.4;
				MTL_ENABLE_DEBUG_INFO = NO;
				MTL_FAST_MATH = YES;
				SDKROOT = iphoneos;
				SWIFT_COMPILATION_MODE = wholemodule;
				SWIFT_OPTIMIZATION_LEVEL = "-O";
				VALIDATE_PRODUCT = YES;
			};
			name = Release;
		};
		2EABBA08235D1C2E002AD930 /* Debug */ = {
			isa = XCBuildConfiguration;
			baseConfigurationReference = B660E4D5BB86282DF3DD1C69 /* Pods-YourCityEvents.debug.xcconfig */;
			buildSettings = {
				ASSETCATALOG_COMPILER_APPICON_NAME = AppIcon;
				CODE_SIGN_STYLE = Automatic;
				DEVELOPMENT_TEAM = CYB7A23B76;
				INFOPLIST_FILE = "$(SRCROOT)/YourCityEvents/SupportingFiles/Info.plist";
				IPHONEOS_DEPLOYMENT_TARGET = 11.0;
				LD_RUNPATH_SEARCH_PATHS = (
					"$(inherited)",
					"@executable_path/Frameworks",
				);
				PRODUCT_BUNDLE_IDENTIFIER = com.zarechnyy.YourCityEvents;
				PRODUCT_NAME = "$(TARGET_NAME)";
				SWIFT_VERSION = 5.0;
				TARGETED_DEVICE_FAMILY = 1;
			};
			name = Debug;
		};
		2EABBA09235D1C2E002AD930 /* Release */ = {
			isa = XCBuildConfiguration;
			baseConfigurationReference = 7D4AEA9D078788CC45309EC5 /* Pods-YourCityEvents.release.xcconfig */;
			buildSettings = {
				ASSETCATALOG_COMPILER_APPICON_NAME = AppIcon;
				CODE_SIGN_STYLE = Automatic;
				DEVELOPMENT_TEAM = CYB7A23B76;
				INFOPLIST_FILE = "$(SRCROOT)/YourCityEvents/SupportingFiles/Info.plist";
				IPHONEOS_DEPLOYMENT_TARGET = 11.0;
				LD_RUNPATH_SEARCH_PATHS = (
					"$(inherited)",
					"@executable_path/Frameworks",
				);
				PRODUCT_BUNDLE_IDENTIFIER = com.zarechnyy.YourCityEvents;
				PRODUCT_NAME = "$(TARGET_NAME)";
				SWIFT_VERSION = 5.0;
				TARGETED_DEVICE_FAMILY = 1;
			};
			name = Release;
		};
/* End XCBuildConfiguration section */

/* Begin XCConfigurationList section */
		2EABB9ED235D1C2D002AD930 /* Build configuration list for PBXProject "YourCityEvents" */ = {
			isa = XCConfigurationList;
			buildConfigurations = (
				2EABBA05235D1C2E002AD930 /* Debug */,
				2EABBA06235D1C2E002AD930 /* Release */,
			);
			defaultConfigurationIsVisible = 0;
			defaultConfigurationName = Release;
		};
		2EABBA07235D1C2E002AD930 /* Build configuration list for PBXNativeTarget "YourCityEvents" */ = {
			isa = XCConfigurationList;
			buildConfigurations = (
				2EABBA08235D1C2E002AD930 /* Debug */,
				2EABBA09235D1C2E002AD930 /* Release */,
			);
			defaultConfigurationIsVisible = 0;
			defaultConfigurationName = Release;
		};
/* End XCConfigurationList section */

/* Begin XCVersionGroup section */
		2EABB9FC235D1C2D002AD930 /* YourCityEvents.xcdatamodeld */ = {
			isa = XCVersionGroup;
			children = (
				2EABB9FD235D1C2D002AD930 /* YourCityEvents.xcdatamodel */,
			);
			currentVersion = 2EABB9FD235D1C2D002AD930 /* YourCityEvents.xcdatamodel */;
			path = YourCityEvents.xcdatamodeld;
			sourceTree = "<group>";
			versionGroupType = wrapper.xcdatamodel;
		};
/* End XCVersionGroup section */
	};
	rootObject = 2EABB9EA235D1C2D002AD930 /* Project object */;
}
